// !$*UTF8*$!
{
	archiveVersion = 1;
	classes = {
	};
	objectVersion = 77;
	objects = {

/* Begin PBXBuildFile section */
		067C772D9AC0E21A1CA27DA2 /* Pods_PinjamCepat.framework in Frameworks */ = {isa = PBXBuildFile; fileRef = 081711C23D814A2FC81ADDF4 /* Pods_PinjamCepat.framework */; };
		7315F83E2F7220FC00C6DE2E /* AppDelegate.swift in Sources */ = {isa = PBXBuildFile; fileRef = 7315F8342F7220FC00C6DE2E /* AppDelegate.swift */; };
		7315F8412F7220FC00C6DE2E /* Assets.xcassets in Resources */ = {isa = PBXBuildFile; fileRef = 7315F8352F7220FC00C6DE2E /* Assets.xcassets */; };
		7315F8432F7220FC00C6DE2E /* LaunchScreen.storyboard in Resources */ = {isa = PBXBuildFile; fileRef = 7315F8382F7220FC00C6DE2E /* LaunchScreen.storyboard */; };
		73ED69812F7229A90096AE72 /* BaseViewController.swift in Sources */ = {isa = PBXBuildFile; fileRef = 73ED69802F7229A90096AE72 /* BaseViewController.swift */; };
		73ED69832F7229C00096AE72 /* BaseTabBarController.swift in Sources */ = {isa = PBXBuildFile; fileRef = 73ED69822F7229C00096AE72 /* BaseTabBarController.swift */; };
		73ED69852F7229CF0096AE72 /* BaseNavigationController.swift in Sources */ = {isa = PBXBuildFile; fileRef = 73ED69842F7229CF0096AE72 /* BaseNavigationController.swift */; };
		73ED69892F722A570096AE72 /* Localizable.strings in Resources */ = {isa = PBXBuildFile; fileRef = 73ED69872F722A570096AE72 /* Localizable.strings */; };
		73ED69942F72530F0096AE72 /* HomeViewController.swift in Sources */ = {isa = PBXBuildFile; fileRef = 73ED69932F72530F0096AE72 /* HomeViewController.swift */; };
		73ED69962F7253170096AE72 /* OrderViewController.swift in Sources */ = {isa = PBXBuildFile; fileRef = 73ED69952F7253170096AE72 /* OrderViewController.swift */; };
		73ED69982F7253200096AE72 /* CenterViewController.swift in Sources */ = {isa = PBXBuildFile; fileRef = 73ED69972F7253200096AE72 /* CenterViewController.swift */; };
		73ED699A2F7253440096AE72 /* BaseView.swift in Sources */ = {isa = PBXBuildFile; fileRef = 73ED69992F7253440096AE72 /* BaseView.swift */; };
		73ED699C2F72543C0096AE72 /* AppLaunchViewController.swift in Sources */ = {isa = PBXBuildFile; fileRef = 73ED699B2F72543C0096AE72 /* AppLaunchViewController.swift */; };
		73ED699E2F7257DB0096AE72 /* NetworkMonitor.swift in Sources */ = {isa = PBXBuildFile; fileRef = 73ED699D2F7257DB0096AE72 /* NetworkMonitor.swift */; };
		73ED69A02F7258850096AE72 /* AppNetworkConfig.swift in Sources */ = {isa = PBXBuildFile; fileRef = 73ED699F2F7258850096AE72 /* AppNetworkConfig.swift */; };
		73ED69A22F725A180096AE72 /* NetworkEnvManager.swift in Sources */ = {isa = PBXBuildFile; fileRef = 73ED69A12F725A180096AE72 /* NetworkEnvManager.swift */; };
		73ED69A42F725B240096AE72 /* BaseModel.swift in Sources */ = {isa = PBXBuildFile; fileRef = 73ED69A32F725B210096AE72 /* BaseModel.swift */; };
		73ED69A62F725B310096AE72 /* NetworkManager.swift in Sources */ = {isa = PBXBuildFile; fileRef = 73ED69A52F725B310096AE72 /* NetworkManager.swift */; };
		73ED69AB2F72628C0096AE72 /* LaunchViewModel.swift in Sources */ = {isa = PBXBuildFile; fileRef = 73ED69AA2F7262860096AE72 /* LaunchViewModel.swift */; };
		73ED69AD2F7262940096AE72 /* LaunchService.swift in Sources */ = {isa = PBXBuildFile; fileRef = 73ED69AC2F7262900096AE72 /* LaunchService.swift */; };
		73ED69AF2F7263490096AE72 /* LoadingManager.swift in Sources */ = {isa = PBXBuildFile; fileRef = 73ED69AE2F7263490096AE72 /* LoadingManager.swift */; };
		73ED69B12F7263E30096AE72 /* ToastManager.swift in Sources */ = {isa = PBXBuildFile; fileRef = 73ED69B02F7263E30096AE72 /* ToastManager.swift */; };
/* End PBXBuildFile section */

/* Begin PBXFileReference section */
		081711C23D814A2FC81ADDF4 /* Pods_PinjamCepat.framework */ = {isa = PBXFileReference; explicitFileType = wrapper.framework; includeInIndex = 0; path = Pods_PinjamCepat.framework; sourceTree = BUILT_PRODUCTS_DIR; };
		7315F81C2F7220F400C6DE2E /* PinjamCepat.app */ = {isa = PBXFileReference; explicitFileType = wrapper.application; includeInIndex = 0; path = PinjamCepat.app; sourceTree = BUILT_PRODUCTS_DIR; };
		7315F8342F7220FC00C6DE2E /* AppDelegate.swift */ = {isa = PBXFileReference; lastKnownFileType = sourcecode.swift; path = AppDelegate.swift; sourceTree = "<group>"; };
		7315F8352F7220FC00C6DE2E /* Assets.xcassets */ = {isa = PBXFileReference; lastKnownFileType = folder.assetcatalog; path = Assets.xcassets; sourceTree = "<group>"; };
		7315F8362F7220FC00C6DE2E /* Info.plist */ = {isa = PBXFileReference; lastKnownFileType = text.plist.xml; path = Info.plist; sourceTree = "<group>"; };
		7315F8372F7220FC00C6DE2E /* Base */ = {isa = PBXFileReference; lastKnownFileType = file.storyboard; name = Base; path = Base.lproj/LaunchScreen.storyboard; sourceTree = "<group>"; };
		7315F8452F7221CD00C6DE2E /* PinjamCepat.entitlements */ = {isa = PBXFileReference; lastKnownFileType = text.plist.entitlements; path = PinjamCepat.entitlements; sourceTree = "<group>"; };
		73ED69802F7229A90096AE72 /* BaseViewController.swift */ = {isa = PBXFileReference; lastKnownFileType = sourcecode.swift; path = BaseViewController.swift; sourceTree = "<group>"; };
		73ED69822F7229C00096AE72 /* BaseTabBarController.swift */ = {isa = PBXFileReference; lastKnownFileType = sourcecode.swift; path = BaseTabBarController.swift; sourceTree = "<group>"; };
		73ED69842F7229CF0096AE72 /* BaseNavigationController.swift */ = {isa = PBXFileReference; lastKnownFileType = sourcecode.swift; path = BaseNavigationController.swift; sourceTree = "<group>"; };
		73ED69882F722A570096AE72 /* en */ = {isa = PBXFileReference; lastKnownFileType = text.plist.strings; name = en; path = en.lproj/Localizable.strings; sourceTree = "<group>"; };
		73ED698A2F722A690096AE72 /* id */ = {isa = PBXFileReference; lastKnownFileType = text.plist.strings; name = id; path = id.lproj/Localizable.strings; sourceTree = "<group>"; };
		73ED69932F72530F0096AE72 /* HomeViewController.swift */ = {isa = PBXFileReference; lastKnownFileType = sourcecode.swift; path = HomeViewController.swift; sourceTree = "<group>"; };
		73ED69952F7253170096AE72 /* OrderViewController.swift */ = {isa = PBXFileReference; lastKnownFileType = sourcecode.swift; path = OrderViewController.swift; sourceTree = "<group>"; };
		73ED69972F7253200096AE72 /* CenterViewController.swift */ = {isa = PBXFileReference; lastKnownFileType = sourcecode.swift; path = CenterViewController.swift; sourceTree = "<group>"; };
		73ED69992F7253440096AE72 /* BaseView.swift */ = {isa = PBXFileReference; lastKnownFileType = sourcecode.swift; path = BaseView.swift; sourceTree = "<group>"; };
		73ED699B2F72543C0096AE72 /* AppLaunchViewController.swift */ = {isa = PBXFileReference; lastKnownFileType = sourcecode.swift; path = AppLaunchViewController.swift; sourceTree = "<group>"; };
		73ED699D2F7257DB0096AE72 /* NetworkMonitor.swift */ = {isa = PBXFileReference; lastKnownFileType = sourcecode.swift; path = NetworkMonitor.swift; sourceTree = "<group>"; };
		73ED699F2F7258850096AE72 /* AppNetworkConfig.swift */ = {isa = PBXFileReference; lastKnownFileType = sourcecode.swift; path = AppNetworkConfig.swift; sourceTree = "<group>"; };
		73ED69A12F725A180096AE72 /* NetworkEnvManager.swift */ = {isa = PBXFileReference; lastKnownFileType = sourcecode.swift; path = NetworkEnvManager.swift; sourceTree = "<group>"; };
		73ED69A32F725B210096AE72 /* BaseModel.swift */ = {isa = PBXFileReference; lastKnownFileType = sourcecode.swift; path = BaseModel.swift; sourceTree = "<group>"; };
		73ED69A52F725B310096AE72 /* NetworkManager.swift */ = {isa = PBXFileReference; lastKnownFileType = sourcecode.swift; path = NetworkManager.swift; sourceTree = "<group>"; };
		73ED69AA2F7262860096AE72 /* LaunchViewModel.swift */ = {isa = PBXFileReference; lastKnownFileType = sourcecode.swift; path = LaunchViewModel.swift; sourceTree = "<group>"; };
		73ED69AC2F7262900096AE72 /* LaunchService.swift */ = {isa = PBXFileReference; lastKnownFileType = sourcecode.swift; path = LaunchService.swift; sourceTree = "<group>"; };
		73ED69AE2F7263490096AE72 /* LoadingManager.swift */ = {isa = PBXFileReference; lastKnownFileType = sourcecode.swift; path = LoadingManager.swift; sourceTree = "<group>"; };
		73ED69B02F7263E30096AE72 /* ToastManager.swift */ = {isa = PBXFileReference; lastKnownFileType = sourcecode.swift; path = ToastManager.swift; sourceTree = "<group>"; };
		8507CCC6FC7E826F28BBF96D /* Pods-PinjamCepat.release.xcconfig */ = {isa = PBXFileReference; includeInIndex = 1; lastKnownFileType = text.xcconfig; name = "Pods-PinjamCepat.release.xcconfig"; path = "Target Support Files/Pods-PinjamCepat/Pods-PinjamCepat.release.xcconfig"; sourceTree = "<group>"; };
		87BDF22A1C2C4A94D8E3E4E4 /* Pods-PinjamCepat.debug.xcconfig */ = {isa = PBXFileReference; includeInIndex = 1; lastKnownFileType = text.xcconfig; name = "Pods-PinjamCepat.debug.xcconfig"; path = "Target Support Files/Pods-PinjamCepat/Pods-PinjamCepat.debug.xcconfig"; sourceTree = "<group>"; };
/* End PBXFileReference section */

/* Begin PBXFrameworksBuildPhase section */
		7315F8192F7220F400C6DE2E /* Frameworks */ = {
			isa = PBXFrameworksBuildPhase;
			buildActionMask = 2147483647;
			files = (
				067C772D9AC0E21A1CA27DA2 /* Pods_PinjamCepat.framework in Frameworks */,
			);
			runOnlyForDeploymentPostprocessing = 0;
		};
/* End PBXFrameworksBuildPhase section */

/* Begin PBXGroup section */
		5C17D63E07973324DC1162B0 /* Pods */ = {
			isa = PBXGroup;
			children = (
				87BDF22A1C2C4A94D8E3E4E4 /* Pods-PinjamCepat.debug.xcconfig */,
				8507CCC6FC7E826F28BBF96D /* Pods-PinjamCepat.release.xcconfig */,
			);
			path = Pods;
			sourceTree = "<group>";
		};
		7315F8132F7220F400C6DE2E = {
			isa = PBXGroup;
			children = (
				7315F83D2F7220FC00C6DE2E /* PinjamCepat */,
				7315F81D2F7220F400C6DE2E /* Products */,
				5C17D63E07973324DC1162B0 /* Pods */,
				9C0F5ECBDD47281BF2CB704C /* Frameworks */,
			);
			sourceTree = "<group>";
		};
		7315F81D2F7220F400C6DE2E /* Products */ = {
			isa = PBXGroup;
			children = (
				7315F81C2F7220F400C6DE2E /* PinjamCepat.app */,
			);
			name = Products;
			sourceTree = "<group>";
		};
		7315F83D2F7220FC00C6DE2E /* PinjamCepat */ = {
			isa = PBXGroup;
			children = (
				7315F8362F7220FC00C6DE2E /* Info.plist */,
				7315F8352F7220FC00C6DE2E /* Assets.xcassets */,
				73ED69872F722A570096AE72 /* Localizable.strings */,
				7315F8342F7220FC00C6DE2E /* AppDelegate.swift */,
				7315F8452F7221CD00C6DE2E /* PinjamCepat.entitlements */,
				7315F8382F7220FC00C6DE2E /* LaunchScreen.storyboard */,
				73ED69922F7252D80096AE72 /* Other */,
				73ED69912F7252D70096AE72 /* Product */,
				73ED69902F7252D60096AE72 /* Auth */,
				73ED698F2F7252D60096AE72 /* Center */,
				73ED698E2F7252D50096AE72 /* Order */,
				73ED698D2F7252D50096AE72 /* Home */,
				73ED698C2F7252D40096AE72 /* Login */,
				73ED698B2F7252D20096AE72 /* Http */,
				73ED697F2F7229960096AE72 /* Base */,
			);
			path = PinjamCepat;
			sourceTree = "<group>";
		};
		73ED697F2F7229960096AE72 /* Base */ = {
			isa = PBXGroup;
			children = (
				73ED69A92F7260A60096AE72 /* View */,
				73ED69A82F72609F0096AE72 /* ViewModel */,
				73ED69A72F7260930096AE72 /* Controller */,
			);
			path = Base;
			sourceTree = "<group>";
		};
		73ED698B2F7252D20096AE72 /* Http */ = {
			isa = PBXGroup;
			children = (
				73ED69AE2F7263490096AE72 /* LoadingManager.swift */,
				73ED69A52F725B310096AE72 /* NetworkManager.swift */,
				73ED69A32F725B210096AE72 /* BaseModel.swift */,
				73ED699D2F7257DB0096AE72 /* NetworkMonitor.swift */,
			);
			path = Http;
			sourceTree = "<group>";
		};
		73ED698C2F7252D40096AE72 /* Login */ = {
			isa = PBXGroup;
			children = (
			);
			path = Login;
			sourceTree = "<group>";
		};
		73ED698D2F7252D50096AE72 /* Home */ = {
			isa = PBXGroup;
			children = (
				73ED69932F72530F0096AE72 /* HomeViewController.swift */,
			);
			path = Home;
			sourceTree = "<group>";
		};
		73ED698E2F7252D50096AE72 /* Order */ = {
			isa = PBXGroup;
			children = (
				73ED69952F7253170096AE72 /* OrderViewController.swift */,
			);
			path = Order;
			sourceTree = "<group>";
		};
		73ED698F2F7252D60096AE72 /* Center */ = {
			isa = PBXGroup;
			children = (
				73ED69972F7253200096AE72 /* CenterViewController.swift */,
			);
			path = Center;
			sourceTree = "<group>";
		};
		73ED69902F7252D60096AE72 /* Auth */ = {
			isa = PBXGroup;
			children = (
			);
			path = Auth;
			sourceTree = "<group>";
		};
		73ED69912F7252D70096AE72 /* Product */ = {
			isa = PBXGroup;
			children = (
			);
			path = Product;
			sourceTree = "<group>";
		};
		73ED69922F7252D80096AE72 /* Other */ = {
			isa = PBXGroup;
			children = (
				73ED69B02F7263E30096AE72 /* ToastManager.swift */,
				73ED69A12F725A180096AE72 /* NetworkEnvManager.swift */,
				73ED699F2F7258850096AE72 /* AppNetworkConfig.swift */,
			);
			path = Other;
			sourceTree = "<group>";
		};
		73ED69A72F7260930096AE72 /* Controller */ = {
			isa = PBXGroup;
			children = (
				73ED69802F7229A90096AE72 /* BaseViewController.swift */,
				73ED69822F7229C00096AE72 /* BaseTabBarController.swift */,
				73ED69842F7229CF0096AE72 /* BaseNavigationController.swift */,
				73ED699B2F72543C0096AE72 /* AppLaunchViewController.swift */,
			);
			path = Controller;
			sourceTree = "<group>";
		};
		73ED69A82F72609F0096AE72 /* ViewModel */ = {
			isa = PBXGroup;
			children = (
				73ED69AC2F7262900096AE72 /* LaunchService.swift */,
				73ED69AA2F7262860096AE72 /* LaunchViewModel.swift */,
			);
			path = ViewModel;
			sourceTree = "<group>";
		};
		73ED69A92F7260A60096AE72 /* View */ = {
			isa = PBXGroup;
			children = (
				73ED69992F7253440096AE72 /* BaseView.swift */,
			);
			path = View;
			sourceTree = "<group>";
		};
		9C0F5ECBDD47281BF2CB704C /* Frameworks */ = {
			isa = PBXGroup;
			children = (
				081711C23D814A2FC81ADDF4 /* Pods_PinjamCepat.framework */,
			);
			name = Frameworks;
			sourceTree = "<group>";
		};
/* End PBXGroup section */

/* Begin PBXNativeTarget section */
		7315F81B2F7220F400C6DE2E /* PinjamCepat */ = {
			isa = PBXNativeTarget;
			buildConfigurationList = 7315F82F2F7220F500C6DE2E /* Build configuration list for PBXNativeTarget "PinjamCepat" */;
			buildPhases = (
				EA9032987F5058CFDE56BDFA /* [CP] Check Pods Manifest.lock */,
				7315F8182F7220F400C6DE2E /* Sources */,
				7315F8192F7220F400C6DE2E /* Frameworks */,
				7315F81A2F7220F400C6DE2E /* Resources */,
				A00DEADC157C1382C204605C /* [CP] Embed Pods Frameworks */,
			);
			buildRules = (
			);
			dependencies = (
			);
			name = PinjamCepat;
			productName = PinjamCepat;
			productReference = 7315F81C2F7220F400C6DE2E /* PinjamCepat.app */;
			productType = "com.apple.product-type.application";
		};
/* End PBXNativeTarget section */

/* Begin PBXProject section */
		7315F8142F7220F400C6DE2E /* Project object */ = {
			isa = PBXProject;
			attributes = {
				BuildIndependentTargetsInParallel = 1;
				LastSwiftUpdateCheck = 2630;
				LastUpgradeCheck = 2630;
				TargetAttributes = {
					7315F81B2F7220F400C6DE2E = {
						CreatedOnToolsVersion = 26.3;
					};
				};
			};
			buildConfigurationList = 7315F8172F7220F400C6DE2E /* Build configuration list for PBXProject "PinjamCepat" */;
			developmentRegion = en;
			hasScannedForEncodings = 0;
			knownRegions = (
				en,
				Base,
				id,
			);
			mainGroup = 7315F8132F7220F400C6DE2E;
			minimizedProjectReferenceProxies = 1;
			preferredProjectObjectVersion = 77;
			productRefGroup = 7315F81D2F7220F400C6DE2E /* Products */;
			projectDirPath = "";
			projectRoot = "";
			targets = (
				7315F81B2F7220F400C6DE2E /* PinjamCepat */,
			);
		};
/* End PBXProject section */

/* Begin PBXResourcesBuildPhase section */
		7315F81A2F7220F400C6DE2E /* Resources */ = {
			isa = PBXResourcesBuildPhase;
			buildActionMask = 2147483647;
			files = (
				7315F8412F7220FC00C6DE2E /* Assets.xcassets in Resources */,
				73ED69892F722A570096AE72 /* Localizable.strings in Resources */,
				7315F8432F7220FC00C6DE2E /* LaunchScreen.storyboard in Resources */,
			);
			runOnlyForDeploymentPostprocessing = 0;
		};
/* End PBXResourcesBuildPhase section */

/* Begin PBXShellScriptBuildPhase section */
		A00DEADC157C1382C204605C /* [CP] Embed Pods Frameworks */ = {
			isa = PBXShellScriptBuildPhase;
			buildActionMask = 2147483647;
			files = (
			);
			inputFileListPaths = (
				"${PODS_ROOT}/Target Support Files/Pods-PinjamCepat/Pods-PinjamCepat-frameworks-${CONFIGURATION}-input-files.xcfilelist",
			);
			inputPaths = (
			);
			name = "[CP] Embed Pods Frameworks";
			outputFileListPaths = (
				"${PODS_ROOT}/Target Support Files/Pods-PinjamCepat/Pods-PinjamCepat-frameworks-${CONFIGURATION}-output-files.xcfilelist",
			);
			outputPaths = (
			);
			runOnlyForDeploymentPostprocessing = 0;
			shellPath = /bin/sh;
			shellScript = "\"${PODS_ROOT}/Target Support Files/Pods-PinjamCepat/Pods-PinjamCepat-frameworks.sh\"\n";
			showEnvVarsInLog = 0;
		};
		EA9032987F5058CFDE56BDFA /* [CP] Check Pods Manifest.lock */ = {
			isa = PBXShellScriptBuildPhase;
			buildActionMask = 2147483647;
			files = (
			);
			inputFileListPaths = (
			);
			inputPaths = (
				"${PODS_PODFILE_DIR_PATH}/Podfile.lock",
				"${PODS_ROOT}/Manifest.lock",
			);
			name = "[CP] Check Pods Manifest.lock";
			outputFileListPaths = (
			);
			outputPaths = (
				"$(DERIVED_FILE_DIR)/Pods-PinjamCepat-checkManifestLockResult.txt",
			);
			runOnlyForDeploymentPostprocessing = 0;
			shellPath = /bin/sh;
			shellScript = "diff \"${PODS_PODFILE_DIR_PATH}/Podfile.lock\" \"${PODS_ROOT}/Manifest.lock\" > /dev/null\nif [ $? != 0 ] ; then\n    # print error to STDERR\n    echo \"error: The sandbox is not in sync with the Podfile.lock. Run 'pod install' or update your CocoaPods installation.\" >&2\n    exit 1\nfi\n# This output is used by Xcode 'outputs' to avoid re-running this script phase.\necho \"SUCCESS\" > \"${SCRIPT_OUTPUT_FILE_0}\"\n";
			showEnvVarsInLog = 0;
		};
/* End PBXShellScriptBuildPhase section */

/* Begin PBXSourcesBuildPhase section */
		7315F8182F7220F400C6DE2E /* Sources */ = {
			isa = PBXSourcesBuildPhase;
			buildActionMask = 2147483647;
			files = (
				73ED69AF2F7263490096AE72 /* LoadingManager.swift in Sources */,
				73ED69942F72530F0096AE72 /* HomeViewController.swift in Sources */,
				73ED69852F7229CF0096AE72 /* BaseNavigationController.swift in Sources */,
				7315F83E2F7220FC00C6DE2E /* AppDelegate.swift in Sources */,
				73ED69A42F725B240096AE72 /* BaseModel.swift in Sources */,
				73ED699C2F72543C0096AE72 /* AppLaunchViewController.swift in Sources */,
				73ED69982F7253200096AE72 /* CenterViewController.swift in Sources */,
				73ED69812F7229A90096AE72 /* BaseViewController.swift in Sources */,
				73ED69832F7229C00096AE72 /* BaseTabBarController.swift in Sources */,
				73ED699E2F7257DB0096AE72 /* NetworkMonitor.swift in Sources */,
				73ED69A22F725A180096AE72 /* NetworkEnvManager.swift in Sources */,
				73ED69AD2F7262940096AE72 /* LaunchService.swift in Sources */,
				73ED69AB2F72628C0096AE72 /* LaunchViewModel.swift in Sources */,
				73ED69A62F725B310096AE72 /* NetworkManager.swift in Sources */,
				73ED69A02F7258850096AE72 /* AppNetworkConfig.swift in Sources */,
				73ED69B12F7263E30096AE72 /* ToastManager.swift in Sources */,
				73ED69962F7253170096AE72 /* OrderViewController.swift in Sources */,
				73ED699A2F7253440096AE72 /* BaseView.swift in Sources */,
			);
			runOnlyForDeploymentPostprocessing = 0;
		};
/* End PBXSourcesBuildPhase section */

/* Begin PBXVariantGroup section */
		7315F8382F7220FC00C6DE2E /* LaunchScreen.storyboard */ = {
			isa = PBXVariantGroup;
			children = (
				7315F8372F7220FC00C6DE2E /* Base */,
			);
			name = LaunchScreen.storyboard;
			sourceTree = "<group>";
		};
		73ED69872F722A570096AE72 /* Localizable.strings */ = {
			isa = PBXVariantGroup;
			children = (
				73ED69882F722A570096AE72 /* en */,
				73ED698A2F722A690096AE72 /* id */,
			);
			name = Localizable.strings;
			sourceTree = "<group>";
		};
/* End PBXVariantGroup section */

/* Begin XCBuildConfiguration section */
		7315F8302F7220F500C6DE2E /* Debug */ = {
			isa = XCBuildConfiguration;
			baseConfigurationReference = 87BDF22A1C2C4A94D8E3E4E4 /* Pods-PinjamCepat.debug.xcconfig */;
			buildSettings = {
				ASSETCATALOG_COMPILER_APPICON_NAME = AppIcon;
				ASSETCATALOG_COMPILER_GLOBAL_ACCENT_COLOR_NAME = AccentColor;
				CODE_SIGN_ENTITLEMENTS = PinjamCepat/PinjamCepat.entitlements;
				CODE_SIGN_STYLE = Automatic;
				CURRENT_PROJECT_VERSION = 1;
				DEVELOPMENT_TEAM = 57MBH2272N;
				GENERATE_INFOPLIST_FILE = YES;
				INFOPLIST_FILE = PinjamCepat/Info.plist;
				INFOPLIST_KEY_CFBundleDisplayName = "Pinjam Cepat";
				INFOPLIST_KEY_UIApplicationSupportsIndirectInputEvents = YES;
				INFOPLIST_KEY_UILaunchStoryboardName = LaunchScreen;
				INFOPLIST_KEY_UISupportedInterfaceOrientations = UIInterfaceOrientationPortrait;
				INFOPLIST_KEY_UISupportedInterfaceOrientations_iPad = "UIInterfaceOrientationLandscapeLeft UIInterfaceOrientationLandscapeRight UIInterfaceOrientationPortrait UIInterfaceOrientationPortraitUpsideDown";
				INFOPLIST_KEY_UIUserInterfaceStyle = Light;
				IPHONEOS_DEPLOYMENT_TARGET = 14.0;
				LD_RUNPATH_SEARCH_PATHS = (
					"$(inherited)",
					"@executable_path/Frameworks",
				);
				MARKETING_VERSION = 1.0.0;
				PRODUCT_BUNDLE_IDENTIFIER = ll.leap.loan;
				PRODUCT_NAME = "$(TARGET_NAME)";
				STRING_CATALOG_GENERATE_SYMBOLS = YES;
				SUPPORTED_PLATFORMS = "iphoneos iphonesimulator";
				SUPPORTS_MACCATALYST = NO;
				SUPPORTS_MAC_DESIGNED_FOR_IPHONE_IPAD = NO;
				SUPPORTS_XR_DESIGNED_FOR_IPHONE_IPAD = NO;
				SWIFT_APPROACHABLE_CONCURRENCY = YES;
				SWIFT_DEFAULT_ACTOR_ISOLATION = MainActor;
				SWIFT_EMIT_LOC_STRINGS = YES;
				SWIFT_UPCOMING_FEATURE_MEMBER_IMPORT_VISIBILITY = YES;
				SWIFT_VERSION = 5.0;
				TARGETED_DEVICE_FAMILY = 1;
			};
			name = Debug;
		};
		7315F8312F7220F500C6DE2E /* Release */ = {
			isa = XCBuildConfiguration;
			baseConfigurationReference = 8507CCC6FC7E826F28BBF96D /* Pods-PinjamCepat.release.xcconfig */;
			buildSettings = {
				ASSETCATALOG_COMPILER_APPICON_NAME = AppIcon;
				ASSETCATALOG_COMPILER_GLOBAL_ACCENT_COLOR_NAME = AccentColor;
				CODE_SIGN_ENTITLEMENTS = PinjamCepat/PinjamCepat.entitlements;
				CODE_SIGN_STYLE = Automatic;
				CURRENT_PROJECT_VERSION = 1;
				DEVELOPMENT_TEAM = 57MBH2272N;
				GENERATE_INFOPLIST_FILE = YES;
				INFOPLIST_FILE = PinjamCepat/Info.plist;
				INFOPLIST_KEY_CFBundleDisplayName = "Pinjam Cepat";
				INFOPLIST_KEY_UIApplicationSupportsIndirectInputEvents = YES;
				INFOPLIST_KEY_UILaunchStoryboardName = LaunchScreen;
				INFOPLIST_KEY_UISupportedInterfaceOrientations = UIInterfaceOrientationPortrait;
				INFOPLIST_KEY_UISupportedInterfaceOrientations_iPad = "UIInterfaceOrientationLandscapeLeft UIInterfaceOrientationLandscapeRight UIInterfaceOrientationPortrait UIInterfaceOrientationPortraitUpsideDown";
				INFOPLIST_KEY_UIUserInterfaceStyle = Light;
				IPHONEOS_DEPLOYMENT_TARGET = 14.0;
				LD_RUNPATH_SEARCH_PATHS = (
					"$(inherited)",
					"@executable_path/Frameworks",
				);
				MARKETING_VERSION = 1.0.0;
				PRODUCT_BUNDLE_IDENTIFIER = ll.leap.loan;
				PRODUCT_NAME = "$(TARGET_NAME)";
				STRING_CATALOG_GENERATE_SYMBOLS = YES;
				SUPPORTED_PLATFORMS = "iphoneos iphonesimulator";
				SUPPORTS_MACCATALYST = NO;
				SUPPORTS_MAC_DESIGNED_FOR_IPHONE_IPAD = NO;
				SUPPORTS_XR_DESIGNED_FOR_IPHONE_IPAD = NO;
				SWIFT_APPROACHABLE_CONCURRENCY = YES;
				SWIFT_DEFAULT_ACTOR_ISOLATION = MainActor;
				SWIFT_EMIT_LOC_STRINGS = YES;
				SWIFT_UPCOMING_FEATURE_MEMBER_IMPORT_VISIBILITY = YES;
				SWIFT_VERSION = 5.0;
				TARGETED_DEVICE_FAMILY = 1;
			};
			name = Release;
		};
		7315F8322F7220F500C6DE2E /* Debug */ = {
			isa = XCBuildConfiguration;
			buildSettings = {
				ALWAYS_SEARCH_USER_PATHS = NO;
				ASSETCATALOG_COMPILER_GENERATE_SWIFT_ASSET_SYMBOL_EXTENSIONS = YES;
				CLANG_ANALYZER_LOCALIZABILITY_NONLOCALIZED = YES;
				CLANG_ANALYZER_NONNULL = YES;
				CLANG_ANALYZER_NUMBER_OBJECT_CONVERSION = YES_AGGRESSIVE;
				CLANG_CXX_LANGUAGE_STANDARD = "gnu++20";
				CLANG_ENABLE_MODULES = YES;
				CLANG_ENABLE_OBJC_ARC = YES;
				CLANG_ENABLE_OBJC_WEAK = YES;
				CLANG_WARN_BLOCK_CAPTURE_AUTORELEASING = YES;
				CLANG_WARN_BOOL_CONVERSION = YES;
				CLANG_WARN_COMMA = YES;
				CLANG_WARN_CONSTANT_CONVERSION = YES;
				CLANG_WARN_DEPRECATED_OBJC_IMPLEMENTATIONS = YES;
				CLANG_WARN_DIRECT_OBJC_ISA_USAGE = YES_ERROR;
				CLANG_WARN_DOCUMENTATION_COMMENTS = YES;
				CLANG_WARN_EMPTY_BODY = YES;
				CLANG_WARN_ENUM_CONVERSION = YES;
				CLANG_WARN_INFINITE_RECURSION = YES;
				CLANG_WARN_INT_CONVERSION = YES;
				CLANG_WARN_NON_LITERAL_NULL_CONVERSION = YES;
				CLANG_WARN_OBJC_IMPLICIT_RETAIN_SELF = YES;
				CLANG_WARN_OBJC_LITERAL_CONVERSION = YES;
				CLANG_WARN_OBJC_ROOT_CLASS = YES_ERROR;
				CLANG_WARN_QUOTED_INCLUDE_IN_FRAMEWORK_HEADER = YES;
				CLANG_WARN_RANGE_LOOP_ANALYSIS = YES;
				CLANG_WARN_STRICT_PROTOTYPES = YES;
				CLANG_WARN_SUSPICIOUS_MOVE = YES;
				CLANG_WARN_UNGUARDED_AVAILABILITY = YES_AGGRESSIVE;
				CLANG_WARN_UNREACHABLE_CODE = YES;
				CLANG_WARN__DUPLICATE_METHOD_MATCH = YES;
				COPY_PHASE_STRIP = NO;
				DEBUG_INFORMATION_FORMAT = dwarf;
				ENABLE_STRICT_OBJC_MSGSEND = YES;
				ENABLE_TESTABILITY = YES;
				ENABLE_USER_SCRIPT_SANDBOXING = NO;
				GCC_C_LANGUAGE_STANDARD = gnu17;
				GCC_DYNAMIC_NO_PIC = NO;
				GCC_NO_COMMON_BLOCKS = YES;
				GCC_OPTIMIZATION_LEVEL = 0;
				GCC_PREPROCESSOR_DEFINITIONS = (
					"DEBUG=1",
					"$(inherited)",
				);
				GCC_WARN_64_TO_32_BIT_CONVERSION = YES;
				GCC_WARN_ABOUT_RETURN_TYPE = YES_ERROR;
				GCC_WARN_UNDECLARED_SELECTOR = YES;
				GCC_WARN_UNINITIALIZED_AUTOS = YES_AGGRESSIVE;
				GCC_WARN_UNUSED_FUNCTION = YES;
				GCC_WARN_UNUSED_VARIABLE = YES;
				IPHONEOS_DEPLOYMENT_TARGET = 26.2;
				LOCALIZATION_PREFERS_STRING_CATALOGS = YES;
				MTL_ENABLE_DEBUG_INFO = INCLUDE_SOURCE;
				MTL_FAST_MATH = YES;
				ONLY_ACTIVE_ARCH = YES;
				SDKROOT = iphoneos;
				SWIFT_ACTIVE_COMPILATION_CONDITIONS = "DEBUG $(inherited)";
				SWIFT_OPTIMIZATION_LEVEL = "-Onone";
			};
			name = Debug;
		};
		7315F8332F7220F500C6DE2E /* Release */ = {
			isa = XCBuildConfiguration;
			buildSettings = {
				ALWAYS_SEARCH_USER_PATHS = NO;
				ASSETCATALOG_COMPILER_GENERATE_SWIFT_ASSET_SYMBOL_EXTENSIONS = YES;
				CLANG_ANALYZER_LOCALIZABILITY_NONLOCALIZED = YES;
				CLANG_ANALYZER_NONNULL = YES;
				CLANG_ANALYZER_NUMBER_OBJECT_CONVERSION = YES_AGGRESSIVE;
				CLANG_CXX_LANGUAGE_STANDARD = "gnu++20";
				CLANG_ENABLE_MODULES = YES;
				CLANG_ENABLE_OBJC_ARC = YES;
				CLANG_ENABLE_OBJC_WEAK = YES;
				CLANG_WARN_BLOCK_CAPTURE_AUTORELEASING = YES;
				CLANG_WARN_BOOL_CONVERSION = YES;
				CLANG_WARN_COMMA = YES;
				CLANG_WARN_CONSTANT_CONVERSION = YES;
				CLANG_WARN_DEPRECATED_OBJC_IMPLEMENTATIONS = YES;
				CLANG_WARN_DIRECT_OBJC_ISA_USAGE = YES_ERROR;
				CLANG_WARN_DOCUMENTATION_COMMENTS = YES;
				CLANG_WARN_EMPTY_BODY = YES;
				CLANG_WARN_ENUM_CONVERSION = YES;
				CLANG_WARN_INFINITE_RECURSION = YES;
				CLANG_WARN_INT_CONVERSION = YES;
				CLANG_WARN_NON_LITERAL_NULL_CONVERSION = YES;
				CLANG_WARN_OBJC_IMPLICIT_RETAIN_SELF = YES;
				CLANG_WARN_OBJC_LITERAL_CONVERSION = YES;
				CLANG_WARN_OBJC_ROOT_CLASS = YES_ERROR;
				CLANG_WARN_QUOTED_INCLUDE_IN_FRAMEWORK_HEADER = YES;
				CLANG_WARN_RANGE_LOOP_ANALYSIS = YES;
				CLANG_WARN_STRICT_PROTOTYPES = YES;
				CLANG_WARN_SUSPICIOUS_MOVE = YES;
				CLANG_WARN_UNGUARDED_AVAILABILITY = YES_AGGRESSIVE;
				CLANG_WARN_UNREACHABLE_CODE = YES;
				CLANG_WARN__DUPLICATE_METHOD_MATCH = YES;
				COPY_PHASE_STRIP = NO;
				DEBUG_INFORMATION_FORMAT = "dwarf-with-dsym";
				ENABLE_NS_ASSERTIONS = NO;
				ENABLE_STRICT_OBJC_MSGSEND = YES;
				ENABLE_USER_SCRIPT_SANDBOXING = NO;
				GCC_C_LANGUAGE_STANDARD = gnu17;
				GCC_NO_COMMON_BLOCKS = YES;
				GCC_WARN_64_TO_32_BIT_CONVERSION = YES;
				GCC_WARN_ABOUT_RETURN_TYPE = YES_ERROR;
				GCC_WARN_UNDECLARED_SELECTOR = YES;
				GCC_WARN_UNINITIALIZED_AUTOS = YES_AGGRESSIVE;
				GCC_WARN_UNUSED_FUNCTION = YES;
				GCC_WARN_UNUSED_VARIABLE = YES;
				IPHONEOS_DEPLOYMENT_TARGET = 26.2;
				LOCALIZATION_PREFERS_STRING_CATALOGS = YES;
				MTL_ENABLE_DEBUG_INFO = NO;
				MTL_FAST_MATH = YES;
				SDKROOT = iphoneos;
				SWIFT_COMPILATION_MODE = wholemodule;
				VALIDATE_PRODUCT = YES;
			};
			name = Release;
		};
/* End XCBuildConfiguration section */

/* Begin XCConfigurationList section */
		7315F8172F7220F400C6DE2E /* Build configuration list for PBXProject "PinjamCepat" */ = {
			isa = XCConfigurationList;
			buildConfigurations = (
				7315F8322F7220F500C6DE2E /* Debug */,
				7315F8332F7220F500C6DE2E /* Release */,
			);
			defaultConfigurationIsVisible = 0;
			defaultConfigurationName = Release;
		};
		7315F82F2F7220F500C6DE2E /* Build configuration list for PBXNativeTarget "PinjamCepat" */ = {
			isa = XCConfigurationList;
			buildConfigurations = (
				7315F8302F7220F500C6DE2E /* Debug */,
				7315F8312F7220F500C6DE2E /* Release */,
			);
			defaultConfigurationIsVisible = 0;
			defaultConfigurationName = Release;
		};
/* End XCConfigurationList section */
	};
	rootObject = 7315F8142F7220F400C6DE2E /* Project object */;
}
